{
  "version": 4,
  "terraform_version": "1.4.5",
  "serial": 91,
  "lineage": "7a29a16a-e862-3c46-5abe-ec0a0fd30954",
  "outputs": {},
  "resources": [
    {
      "mode": "data",
      "type": "aws_iam_policy_document",
      "name": "ecs_task_execution_policy",
      "provider": "provider[\"registry.terraform.io/hashicorp/aws\"]",
      "instances": [
        {
          "schema_version": 0,
          "attributes": {
            "id": "1844549105",
            "json": "{\n  \"Version\": \"2012-10-17\",\n  \"Statement\": [\n    {\n      \"Sid\": \"AmazonECSTaskExecutionRolePolicy\",\n      \"Effect\": \"Allow\",\n      \"Action\": [\n        \"ssm:GetParameters\",\n        \"secretsmanager:GetSecretValue\",\n        \"logs:PutLogEvents\",\n        \"logs:CreateLogStream\",\n        \"kms:Decrypt\",\n        \"ecr:GetDownloadUrlForLayer\",\n        \"ecr:GetAuthorizationToken\",\n        \"ecr:BatchGetImage\",\n        \"ecr:BatchCheckLayerAvailability\"\n      ],\n      \"Resource\": \"*\"\n    }\n  ]\n}",
            "override_policy_documents": null,
            "policy_id": null,
            "source_policy_documents": null,
            "statement": [
              {
                "actions": [
                  "ecr:BatchCheckLayerAvailability",
                  "ecr:BatchGetImage",
                  "ecr:GetAuthorizationToken",
                  "ecr:GetDownloadUrlForLayer",
                  "kms:Decrypt",
                  "logs:CreateLogStream",
                  "logs:PutLogEvents",
                  "secretsmanager:GetSecretValue",
                  "ssm:GetParameters"
                ],
                "condition": [],
                "effect": "Allow",
                "not_actions": [],
                "not_principals": [],
                "not_resources": [],
                "principals": [],
                "resources": [
                  "*"
                ],
                "sid": "AmazonECSTaskExecutionRolePolicy"
              }
            ],
            "version": "2012-10-17"
          },
          "sensitive_attributes": []
        }
      ]
    },
    {
      "mode": "data",
      "type": "aws_iam_policy_document",
      "name": "ecs_task_policy",
      "provider": "provider[\"registry.terraform.io/hashicorp/aws\"]",
      "instances": [
        {
          "schema_version": 0,
          "attributes": {
            "id": "1290900588",
            "json": "{\n  \"Version\": \"2012-10-17\",\n  \"Statement\": [\n    {\n      \"Sid\": \"AmazonECSTaskExecutionRolePolicy\",\n      \"Effect\": \"Allow\",\n      \"Action\": [\n        \"elasticfilesystem:ClientWrite\",\n        \"elasticfilesystem:ClientMount\"\n      ],\n      \"Resource\": \"arn:aws:elasticfilesystem:eu-west-1:622247126532:file-system/fs-00373a6972ec2475c\"\n    }\n  ]\n}",
            "override_policy_documents": null,
            "policy_id": null,
            "source_policy_documents": null,
            "statement": [
              {
                "actions": [
                  "elasticfilesystem:ClientMount",
                  "elasticfilesystem:ClientWrite"
                ],
                "condition": [],
                "effect": "Allow",
                "not_actions": [],
                "not_principals": [],
                "not_resources": [],
                "principals": [],
                "resources": [
                  "arn:aws:elasticfilesystem:eu-west-1:622247126532:file-system/fs-00373a6972ec2475c"
                ],
                "sid": "AmazonECSTaskExecutionRolePolicy"
              }
            ],
            "version": "2012-10-17"
          },
          "sensitive_attributes": []
        }
      ]
    },
    {
      "mode": "managed",
      "type": "aws_appautoscaling_policy",
      "name": "wp-service",
      "provider": "provider[\"registry.terraform.io/hashicorp/aws\"]",
      "instances": [
        {
          "schema_version": 0,
          "attributes": {
            "alarm_arns": [
              "arn:aws:cloudwatch:eu-west-1:622247126532:alarm:TargetTracking-service/wp-fargate-cluster/wp-fargate-service-AlarmHigh-3a3cc6cf-56b3-4b52-9676-825a84fc9424",
              "arn:aws:cloudwatch:eu-west-1:622247126532:alarm:TargetTracking-service/wp-fargate-cluster/wp-fargate-service-AlarmLow-73046df1-2d8a-45f3-a9d1-bffd10160405"
            ],
            "arn": "arn:aws:autoscaling:eu-west-1:622247126532:scalingPolicy:dfb8cb43-0cf7-4c42-bc0c-0f1d4733b00f:resource/ecs/service/wp-fargate-cluster/wp-fargate-service:policyName/wp.fargate-service-autoscaling",
            "id": "wp.fargate-service-autoscaling",
            "name": "wp.fargate-service-autoscaling",
            "policy_type": "TargetTrackingScaling",
            "resource_id": "service/wp-fargate-cluster/wp-fargate-service",
            "scalable_dimension": "ecs:service:DesiredCount",
            "service_namespace": "ecs",
            "step_scaling_policy_configuration": [],
            "target_tracking_scaling_policy_configuration": [
              {
                "customized_metric_specification": [],
                "disable_scale_in": false,
                "predefined_metric_specification": [
                  {
                    "predefined_metric_type": "ECSServiceAverageCPUUtilization",
                    "resource_label": ""
                  }
                ],
                "scale_in_cooldown": 300,
                "scale_out_cooldown": 300,
                "target_value": 75
              }
            ]
          },
          "sensitive_attributes": [],
          "private": "bnVsbA==",
          "dependencies": [
            "aws_appautoscaling_target.wp-service",
            "aws_cloudwatch_log_group.wordpress",
            "aws_ecs_cluster.wp",
            "aws_ecs_service.wp",
            "aws_ecs_task_definition.wordpress",
            "aws_efs_file_system.persistent_data",
            "aws_security_group.rds",
            "aws_ssm_parameter.mysql_db_password",
            "module.alb.aws_lb.this",
            "module.alb.aws_lb_target_group.main",
            "module.alb_sg.aws_security_group.this",
            "module.alb_sg.aws_security_group.this_name_prefix",
            "module.db.module.db_instance.aws_cloudwatch_log_group.this",
            "module.db.module.db_instance.aws_db_instance.this",
            "module.db.module.db_instance.aws_iam_role.enhanced_monitoring",
            "module.db.module.db_instance.data.aws_iam_policy_document.enhanced_monitoring",
            "module.db.module.db_instance.random_id.snapshot_identifier",
            "module.db.module.db_option_group.aws_db_option_group.this",
            "module.db.module.db_parameter_group.aws_db_parameter_group.this",
            "module.db.module.db_subnet_group.aws_db_subnet_group.this",
            "module.db.random_password.master_password",
            "module.ecs_task_execution_role.aws_iam_role.this",
            "module.ecs_task_execution_role.data.aws_iam_policy_document.assume_role",
            "module.ecs_task_execution_role.data.aws_iam_policy_document.assume_role_with_mfa",
            "module.ecs_task_role.aws_iam_role.this",
            "module.ecs_task_role.data.aws_iam_policy_document.assume_role",
            "module.ecs_task_role.data.aws_iam_policy_document.assume_role_with_mfa",
            "module.ecs_task_sg.aws_security_group.this",
            "module.ecs_task_sg.aws_security_group.this_name_prefix",
            "module.efs_sg.aws_security_group.this",
            "module.efs_sg.aws_security_group.this_name_prefix",
            "module.vpc.aws_db_subnet_group.database",
            "module.vpc.aws_subnet.database",
            "module.vpc.aws_subnet.private",
            "module.vpc.aws_subnet.public",
            "module.vpc.aws_vpc.this",
            "module.vpc.aws_vpc_ipv4_cidr_block_association.this"
          ]
        }
      ]
    },
    {
      "mode": "managed",
      "type": "aws_appautoscaling_target",
      "name": "wp-service",
      "provider": "provider[\"registry.terraform.io/hashicorp/aws\"]",
      "instances": [
        {
          "schema_version": 0,
          "attributes": {
            "arn": "arn:aws:application-autoscaling:eu-west-1:622247126532:scalable-target/0ec5dfb8cb430cf74c42bc0c0f1d4733b00f",
            "id": "service/wp-fargate-cluster/wp-fargate-service",
            "max_capacity": 3,
            "min_capacity": 1,
            "resource_id": "service/wp-fargate-cluster/wp-fargate-service",
            "role_arn": "arn:aws:iam::622247126532:role/aws-service-role/ecs.application-autoscaling.amazonaws.com/AWSServiceRoleForApplicationAutoScaling_ECSService",
            "scalable_dimension": "ecs:service:DesiredCount",
            "service_namespace": "ecs",
            "tags": {},
            "tags_all": {
              "Environment": "Test",
              "Owner": "Salvatore Caiazza",
              "Project": "ecs_wordpress",
              "Terraform": "true"
            }
          },
          "sensitive_attributes": [],
          "private": "bnVsbA==",
          "dependencies": [
            "aws_cloudwatch_log_group.wordpress",
            "aws_ecs_cluster.wp",
            "aws_ecs_service.wp",
            "aws_ecs_task_definition.wordpress",
            "aws_efs_file_system.persistent_data",
            "aws_security_group.rds",
            "aws_ssm_parameter.mysql_db_password",
            "module.alb.aws_lb.this",
            "module.alb.aws_lb_target_group.main",
            "module.alb_sg.aws_security_group.this",
            "module.alb_sg.aws_security_group.this_name_prefix",
            "module.db.module.db_instance.aws_cloudwatch_log_group.this",
            "module.db.module.db_instance.aws_db_instance.this",
            "module.db.module.db_instance.aws_iam_role.enhanced_monitoring",
            "module.db.module.db_instance.data.aws_iam_policy_document.enhanced_monitoring",
            "module.db.module.db_instance.random_id.snapshot_identifier",
            "module.db.module.db_option_group.aws_db_option_group.this",
            "module.db.module.db_parameter_group.aws_db_parameter_group.this",
            "module.db.module.db_subnet_group.aws_db_subnet_group.this",
            "module.db.random_password.master_password",
            "module.ecs_task_execution_role.aws_iam_role.this",
            "module.ecs_task_execution_role.data.aws_iam_policy_document.assume_role",
            "module.ecs_task_execution_role.data.aws_iam_policy_document.assume_role_with_mfa",
            "module.ecs_task_role.aws_iam_role.this",
            "module.ecs_task_role.data.aws_iam_policy_document.assume_role",
            "module.ecs_task_role.data.aws_iam_policy_document.assume_role_with_mfa",
            "module.ecs_task_sg.aws_security_group.this",
            "module.ecs_task_sg.aws_security_group.this_name_prefix",
            "module.efs_sg.aws_security_group.this",
            "module.efs_sg.aws_security_group.this_name_prefix",
            "module.vpc.aws_db_subnet_group.database",
            "module.vpc.aws_subnet.database",
            "module.vpc.aws_subnet.private",
            "module.vpc.aws_subnet.public",
            "module.vpc.aws_vpc.this",
            "module.vpc.aws_vpc_ipv4_cidr_block_association.this"
          ]
        }
      ]
    },
    {
      "mode": "managed",
      "type": "aws_cloudwatch_log_group",
      "name": "wordpress",
      "provider": "provider[\"registry.terraform.io/hashicorp/aws\"]",
      "instances": [
        {
          "schema_version": 0,
          "attributes": {
            "arn": "arn:aws:logs:eu-west-1:622247126532:log-group:/wordpress/wp-task",
            "id": "/wordpress/wp-task",
            "kms_key_id": "",
            "name": "/wordpress/wp-task",
            "name_prefix": "",
            "retention_in_days": 7,
            "skip_destroy": false,
            "tags": {},
            "tags_all": {
              "Environment": "Test",
              "Owner": "Salvatore Caiazza",
              "Project": "ecs_wordpress",
              "Terraform": "true"
            }
          },
          "sensitive_attributes": [],
          "private": "bnVsbA=="
        }
      ]
    },
    {
      "mode": "managed",
      "type": "aws_ecs_cluster",
      "name": "wp",
      "provider": "provider[\"registry.terraform.io/hashicorp/aws\"]",
      "instances": [
        {
          "schema_version": 0,
          "attributes": {
            "arn": "arn:aws:ecs:eu-west-1:622247126532:cluster/wp-fargate-cluster",
            "configuration": [],
            "id": "arn:aws:ecs:eu-west-1:622247126532:cluster/wp-fargate-cluster",
            "name": "wp-fargate-cluster",
            "service_connect_defaults": [],
            "setting": [
              {
                "name": "containerInsights",
                "value": "disabled"
              }
            ],
            "tags": {},
            "tags_all": {
              "Environment": "Test",
              "Owner": "Salvatore Caiazza",
              "Project": "ecs_wordpress",
              "Terraform": "true"
            }
          },
          "sensitive_attributes": [],
          "private": "bnVsbA=="
        }
      ]
    },
    {
      "mode": "managed",
      "type": "aws_ecs_service",
      "name": "wp",
      "provider": "provider[\"registry.terraform.io/hashicorp/aws\"]",
      "instances": [
        {
          "schema_version": 0,
          "attributes": {
            "alarms": [],
            "capacity_provider_strategy": [],
            "cluster": "arn:aws:ecs:eu-west-1:622247126532:cluster/wp-fargate-cluster",
            "deployment_circuit_breaker": [
              {
                "enable": false,
                "rollback": false
              }
            ],
            "deployment_controller": [
              {
                "type": "ECS"
              }
            ],
            "deployment_maximum_percent": 200,
            "deployment_minimum_healthy_percent": 100,
            "desired_count": 2,
            "enable_ecs_managed_tags": false,
            "enable_execute_command": false,
            "force_new_deployment": null,
            "health_check_grace_period_seconds": 0,
            "iam_role": "/aws-service-role/ecs.amazonaws.com/AWSServiceRoleForECS",
            "id": "arn:aws:ecs:eu-west-1:622247126532:service/wp-fargate-cluster/wp-fargate-service",
            "launch_type": "FARGATE",
            "load_balancer": [
              {
                "container_name": "wordpress",
                "container_port": 80,
                "elb_name": "",
                "target_group_arn": "arn:aws:elasticloadbalancing:eu-west-1:622247126532:targetgroup/wp-tg/9ba3fa127e1bfc76"
              }
            ],
            "name": "wp-fargate-service",
            "network_configuration": [
              {
                "assign_public_ip": false,
                "security_groups": [
                  "sg-02025d3f82ef285d2",
                  "sg-03713e9a22ece7919"
                ],
                "subnets": [
                  "subnet-05740b6a716e84f02",
                  "subnet-0691964f40ce986f1"
                ]
              }
            ],
            "ordered_placement_strategy": [],
            "placement_constraints": [],
            "platform_version": "1.4.0",
            "propagate_tags": "NONE",
            "scheduling_strategy": "REPLICA",
            "service_connect_configuration": [],
            "service_registries": [],
            "tags": {},
            "tags_all": {
              "Environment": "Test",
              "Owner": "Salvatore Caiazza",
              "Project": "ecs_wordpress",
              "Terraform": "true"
            },
            "task_definition": "arn:aws:ecs:eu-west-1:622247126532:task-definition/wordpress:5",
            "timeouts": null,
            "triggers": {},
            "wait_for_steady_state": false
          },
          "sensitive_attributes": [],
          "private": "eyJlMmJmYjczMC1lY2FhLTExZTYtOGY4OC0zNDM2M2JjN2M0YzAiOnsiY3JlYXRlIjoxMjAwMDAwMDAwMDAwLCJkZWxldGUiOjEyMDAwMDAwMDAwMDAsInVwZGF0ZSI6MTIwMDAwMDAwMDAwMH19",
          "dependencies": [
            "aws_cloudwatch_log_group.wordpress",
            "aws_ecs_cluster.wp",
            "aws_ecs_task_definition.wordpress",
            "aws_efs_file_system.persistent_data",
            "aws_ssm_parameter.mysql_db_password",
            "module.alb.aws_lb_target_group.main",
            "module.db.module.db_instance.aws_db_instance.this",
            "module.ecs_task_execution_role.aws_iam_role.this",
            "module.ecs_task_role.aws_iam_role.this",
            "module.ecs_task_sg.aws_security_group.this",
            "module.ecs_task_sg.aws_security_group.this_name_prefix",
            "module.efs_sg.aws_security_group.this",
            "module.efs_sg.aws_security_group.this_name_prefix",
            "module.vpc.aws_subnet.private"
          ]
        }
      ]
    },
    {
      "mode": "managed",
      "type": "aws_ecs_task_definition",
      "name": "wordpress",
      "provider": "provider[\"registry.terraform.io/hashicorp/aws\"]",
      "instances": [
        {
          "schema_version": 1,
          "attributes": {
            "arn": "arn:aws:ecs:eu-west-1:622247126532:task-definition/wordpress:5",
            "arn_without_revision": "arn:aws:ecs:eu-west-1:622247126532:task-definition/wordpress",
            "container_definitions": "[{\"cpu\":0,\"environment\":[{\"name\":\"WORDPRESS_DB_HOST\",\"value\":\"rds-wordpress.cxiws7i1qoq3.eu-west-1.rds.amazonaws.com:3306\"},{\"name\":\"WORDPRESS_DB_NAME\",\"value\":\"wordpressdb\"},{\"name\":\"WORDPRESS_DB_USER\",\"value\":\"wordpressdb\"}],\"essential\":true,\"image\":\"wordpress:6.0\",\"logConfiguration\":{\"logDriver\":\"awslogs\",\"options\":{\"awslogs-group\":\"/wordpress/wp-task\",\"awslogs-region\":\"eu-west-1\",\"awslogs-stream-prefix\":\"app\"}},\"mountPoints\":[{\"containerPath\":\"/var/www/html\",\"sourceVolume\":\"efs\"}],\"name\":\"wordpress\",\"portMappings\":[{\"containerPort\":80,\"hostPort\":80,\"protocol\":\"tcp\"}],\"secrets\":[{\"name\":\"WORDPRESS_DB_PASSWORD\",\"valueFrom\":\"arn:aws:ssm:eu-west-1:622247126532:parameter/rds-password\"}],\"volumesFrom\":[]}]",
            "cpu": "2048",
            "ephemeral_storage": [],
            "execution_role_arn": "arn:aws:iam::622247126532:role/wp-ecs-task-execution-role",
            "family": "wordpress",
            "id": "wordpress",
            "inference_accelerator": [],
            "ipc_mode": "",
            "memory": "4096",
            "network_mode": "awsvpc",
            "pid_mode": "",
            "placement_constraints": [],
            "proxy_configuration": [],
            "requires_compatibilities": [
              "FARGATE"
            ],
            "revision": 5,
            "runtime_platform": [],
            "skip_destroy": false,
            "tags": null,
            "tags_all": {
              "Environment": "Test",
              "Owner": "Salvatore Caiazza",
              "Project": "ecs_wordpress",
              "Terraform": "true"
            },
            "task_role_arn": "arn:aws:iam::622247126532:role/wp-ecs-task-role",
            "volume": [
              {
                "docker_volume_configuration": [],
                "efs_volume_configuration": [
                  {
                    "authorization_config": [],
                    "file_system_id": "fs-00373a6972ec2475c",
                    "root_directory": "/",
                    "transit_encryption": "",
                    "transit_encryption_port": null
                  }
                ],
                "fsx_windows_file_server_volume_configuration": [],
                "host_path": "",
                "name": "efs"
              }
            ]
          },
          "sensitive_attributes": [],
          "private": "eyJzY2hlbWFfdmVyc2lvbiI6IjEifQ==",
          "dependencies": [
            "aws_cloudwatch_log_group.wordpress",
            "aws_efs_file_system.persistent_data",
            "aws_ssm_parameter.mysql_db_password",
            "module.db.module.db_instance.aws_db_instance.this",
            "module.ecs_task_execution_role.aws_iam_role.this",
            "module.ecs_task_role.aws_iam_role.this"
          ]
        }
      ]
    },
    {
      "mode": "managed",
      "type": "aws_efs_file_system",
      "name": "persistent_data",
      "provider": "provider[\"registry.terraform.io/hashicorp/aws\"]",
      "instances": [
        {
          "schema_version": 0,
          "attributes": {
            "arn": "arn:aws:elasticfilesystem:eu-west-1:622247126532:file-system/fs-00373a6972ec2475c",
            "availability_zone_id": "",
            "availability_zone_name": "",
            "creation_token": "wp-persistent-data",
            "dns_name": "fs-00373a6972ec2475c.efs.eu-west-1.amazonaws.com",
            "encrypted": false,
            "id": "fs-00373a6972ec2475c",
            "kms_key_id": "",
            "lifecycle_policy": [],
            "number_of_mount_targets": 2,
            "owner_id": "622247126532",
            "performance_mode": "generalPurpose",
            "provisioned_throughput_in_mibps": 0,
            "size_in_bytes": [
              {
                "value": 6144,
                "value_in_ia": 0,
                "value_in_standard": 6144
              }
            ],
            "tags": {},
            "tags_all": {
              "Environment": "Test",
              "Owner": "Salvatore Caiazza",
              "Project": "ecs_wordpress",
              "Terraform": "true"
            },
            "throughput_mode": "bursting"
          },
          "sensitive_attributes": [],
          "private": "bnVsbA=="
        }
      ]
    },
    {
      "mode": "managed",
      "type": "aws_efs_mount_target",
      "name": "persistent_data",
      "provider": "provider[\"registry.terraform.io/hashicorp/aws\"]",
      "instances": [
        {
          "index_key": 0,
          "schema_version": 0,
          "attributes": {
            "availability_zone_id": "euw1-az2",
            "availability_zone_name": "eu-west-1a",
            "dns_name": "fs-00373a6972ec2475c.efs.eu-west-1.amazonaws.com",
            "file_system_arn": "arn:aws:elasticfilesystem:eu-west-1:622247126532:file-system/fs-00373a6972ec2475c",
            "file_system_id": "fs-00373a6972ec2475c",
            "id": "fsmt-0ddb76bd68e98e2cb",
            "ip_address": "10.0.1.59",
            "mount_target_dns_name": "eu-west-1a.fs-00373a6972ec2475c.efs.eu-west-1.amazonaws.com",
            "network_interface_id": "eni-08a8ae49f4da4efa9",
            "owner_id": "622247126532",
            "security_groups": [
              "sg-03713e9a22ece7919"
            ],
            "subnet_id": "subnet-05740b6a716e84f02",
            "timeouts": null
          },
          "sensitive_attributes": [],
          "private": "eyJlMmJmYjczMC1lY2FhLTExZTYtOGY4OC0zNDM2M2JjN2M0YzAiOnsiY3JlYXRlIjoxODAwMDAwMDAwMDAwLCJkZWxldGUiOjYwMDAwMDAwMDAwMH19",
          "dependencies": [
            "aws_efs_file_system.persistent_data",
            "module.efs_sg.aws_security_group.this",
            "module.efs_sg.aws_security_group.this_name_prefix",
            "module.vpc.aws_subnet.private",
            "module.vpc.aws_vpc.this",
            "module.vpc.aws_vpc_ipv4_cidr_block_association.this"
          ]
        },
        {
          "index_key": 1,
          "schema_version": 0,
          "attributes": {
            "availability_zone_id": "euw1-az3",
            "availability_zone_name": "eu-west-1b",
            "dns_name": "fs-00373a6972ec2475c.efs.eu-west-1.amazonaws.com",
            "file_system_arn": "arn:aws:elasticfilesystem:eu-west-1:622247126532:file-system/fs-00373a6972ec2475c",
            "file_system_id": "fs-00373a6972ec2475c",
            "id": "fsmt-00f31aa93357c8c6d",
            "ip_address": "10.0.2.74",
            "mount_target_dns_name": "eu-west-1b.fs-00373a6972ec2475c.efs.eu-west-1.amazonaws.com",
            "network_interface_id": "eni-0d25055a4150c93e7",
            "owner_id": "622247126532",
            "security_groups": [
              "sg-03713e9a22ece7919"
            ],
            "subnet_id": "subnet-0691964f40ce986f1",
            "timeouts": null
          },
          "sensitive_attributes": [],
          "private": "eyJlMmJmYjczMC1lY2FhLTExZTYtOGY4OC0zNDM2M2JjN2M0YzAiOnsiY3JlYXRlIjoxODAwMDAwMDAwMDAwLCJkZWxldGUiOjYwMDAwMDAwMDAwMH19",
          "dependencies": [
            "aws_efs_file_system.persistent_data",
            "module.efs_sg.aws_security_group.this",
            "module.efs_sg.aws_security_group.this_name_prefix",
            "module.vpc.aws_subnet.private",
            "module.vpc.aws_vpc.this",
            "module.vpc.aws_vpc_ipv4_cidr_block_association.this"
          ]
        }
      ]
    },
    {
      "mode": "managed",
      "type": "aws_security_group",
      "name": "rds",
      "provider": "provider[\"registry.terraform.io/hashicorp/aws\"]",
      "instances": [
        {
          "schema_version": 1,
          "attributes": {
            "arn": "arn:aws:ec2:eu-west-1:622247126532:security-group/sg-0b1419a7933706ad3",
            "description": "Allow mysql port",
            "egress": [
              {
                "cidr_blocks": [
                  "0.0.0.0/0"
                ],
                "description": "",
                "from_port": 0,
                "ipv6_cidr_blocks": [
                  "::/0"
                ],
                "prefix_list_ids": [],
                "protocol": "-1",
                "security_groups": [],
                "self": false,
                "to_port": 0
              }
            ],
            "id": "sg-0b1419a7933706ad3",
            "ingress": [
              {
                "cidr_blocks": [],
                "description": "",
                "from_port": 3306,
                "ipv6_cidr_blocks": [],
                "prefix_list_ids": [],
                "protocol": "tcp",
                "security_groups": [
                  "sg-02025d3f82ef285d2"
                ],
                "self": false,
                "to_port": 3306
              }
            ],
            "name": "rds-sg",
            "name_prefix": "",
            "owner_id": "622247126532",
            "revoke_rules_on_delete": false,
            "tags": {},
            "tags_all": {
              "Environment": "Test",
              "Owner": "Salvatore Caiazza",
              "Project": "ecs_wordpress",
              "Terraform": "true"
            },
            "timeouts": null,
            "vpc_id": "vpc-01d6927f79295573c"
          },
          "sensitive_attributes": [],
          "private": "eyJlMmJmYjczMC1lY2FhLTExZTYtOGY4OC0zNDM2M2JjN2M0YzAiOnsiY3JlYXRlIjo2MDAwMDAwMDAwMDAsImRlbGV0ZSI6OTAwMDAwMDAwMDAwfSwic2NoZW1hX3ZlcnNpb24iOiIxIn0=",
          "dependencies": [
            "module.vpc.aws_vpc.this"
          ]
        }
      ]
    },
    {
      "mode": "managed",
      "type": "aws_security_group_rule",
      "name": "grant_access_to_db_from_service",
      "provider": "provider[\"registry.terraform.io/hashicorp/aws\"]",
      "instances": [
        {
          "schema_version": 2,
          "attributes": {
            "cidr_blocks": null,
            "description": "",
            "from_port": 3306,
            "id": "sgrule-75543204",
            "ipv6_cidr_blocks": null,
            "prefix_list_ids": null,
            "protocol": "tcp",
            "security_group_id": "sg-0b1419a7933706ad3",
            "security_group_rule_id": "sgr-083cae09d65ad864d",
            "self": false,
            "source_security_group_id": "sg-02025d3f82ef285d2",
            "timeouts": null,
            "to_port": 3306,
            "type": "ingress"
          },
          "sensitive_attributes": [],
          "private": "eyJlMmJmYjczMC1lY2FhLTExZTYtOGY4OC0zNDM2M2JjN2M0YzAiOnsiY3JlYXRlIjozMDAwMDAwMDAwMDB9LCJzY2hlbWFfdmVyc2lvbiI6IjIifQ==",
          "dependencies": [
            "aws_security_group.rds",
            "module.ecs_task_sg.aws_security_group.this",
            "module.ecs_task_sg.aws_security_group.this_name_prefix",
            "module.vpc.aws_vpc.this"
          ]
        }
      ]
    },
    {
      "mode": "managed",
      "type": "aws_ssm_parameter",
      "name": "mysql_db_password",
      "provider": "provider[\"registry.terraform.io/hashicorp/aws\"]",
      "instances": [
        {
          "schema_version": 0,
          "attributes": {
            "allowed_pattern": "",
            "arn": "arn:aws:ssm:eu-west-1:622247126532:parameter/rds-password",
            "data_type": "text",
            "description": "",
            "id": "rds-password",
            "insecure_value": null,
            "key_id": "alias/aws/ssm",
            "name": "rds-password",
            "overwrite": true,
            "tags": {},
            "tags_all": {
              "Environment": "Test",
              "Owner": "Salvatore Caiazza",
              "Project": "ecs_wordpress",
              "Terraform": "true"
            },
            "tier": "Standard",
            "type": "SecureString",
            "value": "ppZRKI1whl9IPIhz",
            "version": 1
          },
          "sensitive_attributes": [
            [
              {
                "type": "get_attr",
                "value": "value"
              }
            ]
          ],
          "private": "bnVsbA==",
          "dependencies": [
            "module.db.random_password.master_password"
          ]
        }
      ]
    },
    {
      "module": "module.alb",
      "mode": "managed",
      "type": "aws_lb",
      "name": "this",
      "provider": "provider[\"registry.terraform.io/hashicorp/aws\"]",
      "instances": [
        {
          "index_key": 0,
          "schema_version": 0,
          "attributes": {
            "access_logs": [
              {
                "bucket": "",
                "enabled": false,
                "prefix": ""
              }
            ],
            "arn": "arn:aws:elasticloadbalancing:eu-west-1:622247126532:loadbalancer/app/wp-public-alb/592cc1efc5a67094",
            "arn_suffix": "app/wp-public-alb/592cc1efc5a67094",
            "customer_owned_ipv4_pool": "",
            "desync_mitigation_mode": "defensive",
            "dns_name": "wp-public-alb-598084597.eu-west-1.elb.amazonaws.com",
            "drop_invalid_header_fields": false,
            "enable_cross_zone_load_balancing": true,
            "enable_deletion_protection": false,
            "enable_http2": true,
            "enable_tls_version_and_cipher_suite_headers": false,
            "enable_waf_fail_open": false,
            "enable_xff_client_port": false,
            "id": "arn:aws:elasticloadbalancing:eu-west-1:622247126532:loadbalancer/app/wp-public-alb/592cc1efc5a67094",
            "idle_timeout": 60,
            "internal": false,
            "ip_address_type": "ipv4",
            "load_balancer_type": "application",
            "name": "wp-public-alb",
            "name_prefix": null,
            "preserve_host_header": false,
            "security_groups": [
              "sg-00d8921835e3eaced"
            ],
            "subnet_mapping": [
              {
                "allocation_id": "",
                "ipv6_address": "",
                "outpost_id": "",
                "private_ipv4_address": "",
                "subnet_id": "subnet-01ea24a68fe9711b3"
              },
              {
                "allocation_id": "",
                "ipv6_address": "",
                "outpost_id": "",
                "private_ipv4_address": "",
                "subnet_id": "subnet-0a4dd08590c4eb3a2"
              }
            ],
            "subnets": [
              "subnet-01ea24a68fe9711b3",
              "subnet-0a4dd08590c4eb3a2"
            ],
            "tags": {
              "Name": "wp-public-alb"
            },
            "tags_all": {
              "Environment": "Test",
              "Name": "wp-public-alb",
              "Owner": "Salvatore Caiazza",
              "Project": "ecs_wordpress",
              "Terraform": "true"
            },
            "timeouts": {
              "create": "10m",
              "delete": "10m",
              "update": "10m"
            },
            "vpc_id": "vpc-01d6927f79295573c",
            "xff_header_processing_mode": "append",
            "zone_id": "Z32O12XQLNTSW2"
          },
          "sensitive_attributes": [],
          "private": "eyJlMmJmYjczMC1lY2FhLTExZTYtOGY4OC0zNDM2M2JjN2M0YzAiOnsiY3JlYXRlIjo2MDAwMDAwMDAwMDAsImRlbGV0ZSI6NjAwMDAwMDAwMDAwLCJ1cGRhdGUiOjYwMDAwMDAwMDAwMH19",
          "dependencies": [
            "module.alb_sg.aws_security_group.this",
            "module.alb_sg.aws_security_group.this_name_prefix",
            "module.vpc.aws_subnet.public",
            "module.vpc.aws_vpc.this",
            "module.vpc.aws_vpc_ipv4_cidr_block_association.this"
          ],
          "create_before_destroy": true
        }
      ]
    },
    {
      "module": "module.alb",
      "mode": "managed",
      "type": "aws_lb_listener",
      "name": "frontend_http_tcp",
      "provider": "provider[\"registry.terraform.io/hashicorp/aws\"]",
      "instances": [
        {
          "index_key": 0,
          "schema_version": 0,
          "attributes": {
            "alpn_policy": null,
            "arn": "arn:aws:elasticloadbalancing:eu-west-1:622247126532:listener/app/wp-public-alb/592cc1efc5a67094/a23ca21c47c9f49a",
            "certificate_arn": null,
            "default_action": [
              {
                "authenticate_cognito": [],
                "authenticate_oidc": [],
                "fixed_response": [],
                "forward": [],
                "order": 1,
                "redirect": [],
                "target_group_arn": "arn:aws:elasticloadbalancing:eu-west-1:622247126532:targetgroup/wp-tg/9ba3fa127e1bfc76",
                "type": "forward"
              }
            ],
            "id": "arn:aws:elasticloadbalancing:eu-west-1:622247126532:listener/app/wp-public-alb/592cc1efc5a67094/a23ca21c47c9f49a",
            "load_balancer_arn": "arn:aws:elasticloadbalancing:eu-west-1:622247126532:loadbalancer/app/wp-public-alb/592cc1efc5a67094",
            "port": 80,
            "protocol": "HTTP",
            "ssl_policy": "",
            "tags": {},
            "tags_all": {
              "Environment": "Test",
              "Owner": "Salvatore Caiazza",
              "Project": "ecs_wordpress",
              "Terraform": "true"
            },
            "timeouts": null
          },
          "sensitive_attributes": [],
          "private": "eyJlMmJmYjczMC1lY2FhLTExZTYtOGY4OC0zNDM2M2JjN2M0YzAiOnsicmVhZCI6NjAwMDAwMDAwMDAwfX0=",
          "dependencies": [
            "module.alb.aws_lb.this",
            "module.alb.aws_lb_target_group.main",
            "module.alb_sg.aws_security_group.this",
            "module.alb_sg.aws_security_group.this_name_prefix",
            "module.vpc.aws_subnet.public",
            "module.vpc.aws_vpc.this",
            "module.vpc.aws_vpc_ipv4_cidr_block_association.this"
          ]
        }
      ]
    },
    {
      "module": "module.alb",
      "mode": "managed",
      "type": "aws_lb_target_group",
      "name": "main",
      "provider": "provider[\"registry.terraform.io/hashicorp/aws\"]",
      "instances": [
        {
          "index_key": 0,
          "schema_version": 0,
          "attributes": {
            "arn": "arn:aws:elasticloadbalancing:eu-west-1:622247126532:targetgroup/wp-tg/9ba3fa127e1bfc76",
            "arn_suffix": "targetgroup/wp-tg/9ba3fa127e1bfc76",
            "connection_termination": false,
            "deregistration_delay": "300",
            "health_check": [
              {
                "enabled": true,
                "healthy_threshold": 3,
                "interval": 30,
                "matcher": "200,302",
                "path": "/",
                "port": "traffic-port",
                "protocol": "HTTP",
                "timeout": 5,
                "unhealthy_threshold": 3
              }
            ],
            "id": "arn:aws:elasticloadbalancing:eu-west-1:622247126532:targetgroup/wp-tg/9ba3fa127e1bfc76",
            "ip_address_type": "ipv4",
            "lambda_multi_value_headers_enabled": false,
            "load_balancing_algorithm_type": "round_robin",
            "load_balancing_cross_zone_enabled": "use_load_balancer_configuration",
            "name": "wp-tg",
            "name_prefix": null,
            "port": 80,
            "preserve_client_ip": null,
            "protocol": "HTTP",
            "protocol_version": "HTTP1",
            "proxy_protocol_v2": false,
            "slow_start": 0,
            "stickiness": [
              {
                "cookie_duration": 86400,
                "cookie_name": "",
                "enabled": false,
                "type": "lb_cookie"
              }
            ],
            "tags": {
              "Name": "wp-tg"
            },
            "tags_all": {
              "Environment": "Test",
              "Name": "wp-tg",
              "Owner": "Salvatore Caiazza",
              "Project": "ecs_wordpress",
              "Terraform": "true"
            },
            "target_failover": [
              {
                "on_deregistration": null,
                "on_unhealthy": null
              }
            ],
            "target_type": "ip",
            "vpc_id": "vpc-01d6927f79295573c"
          },
          "sensitive_attributes": [],
          "private": "bnVsbA==",
          "dependencies": [
            "module.alb.aws_lb.this",
            "module.alb_sg.aws_security_group.this",
            "module.alb_sg.aws_security_group.this_name_prefix",
            "module.vpc.aws_subnet.public",
            "module.vpc.aws_vpc.this",
            "module.vpc.aws_vpc_ipv4_cidr_block_association.this"
          ],
          "create_before_destroy": true
        }
      ]
    },
    {
      "module": "module.alb_sg",
      "mode": "managed",
      "type": "aws_security_group",
      "name": "this",
      "provider": "provider[\"registry.terraform.io/hashicorp/aws\"]",
      "instances": [
        {
          "index_key": 0,
          "schema_version": 1,
          "attributes": {
            "arn": "arn:aws:ec2:eu-west-1:622247126532:security-group/sg-00d8921835e3eaced",
            "description": "Access to public Application Load Balancer",
            "egress": [
              {
                "cidr_blocks": [
                  "0.0.0.0/0"
                ],
                "description": "All protocols",
                "from_port": 0,
                "ipv6_cidr_blocks": [
                  "::/0"
                ],
                "prefix_list_ids": [],
                "protocol": "-1",
                "security_groups": [],
                "self": false,
                "to_port": 0
              }
            ],
            "id": "sg-00d8921835e3eaced",
            "ingress": [
              {
                "cidr_blocks": [
                  "0.0.0.0/0"
                ],
                "description": "HTTP",
                "from_port": 80,
                "ipv6_cidr_blocks": [],
                "prefix_list_ids": [],
                "protocol": "tcp",
                "security_groups": [],
                "self": false,
                "to_port": 80
              },
              {
                "cidr_blocks": [
                  "0.0.0.0/0"
                ],
                "description": "HTTPS",
                "from_port": 443,
                "ipv6_cidr_blocks": [],
                "prefix_list_ids": [],
                "protocol": "tcp",
                "security_groups": [],
                "self": false,
                "to_port": 443
              }
            ],
            "name": "wp-alb-sg",
            "name_prefix": "",
            "owner_id": "622247126532",
            "revoke_rules_on_delete": false,
            "tags": {
              "Name": "wp-alb-sg"
            },
            "tags_all": {
              "Environment": "Test",
              "Name": "wp-alb-sg",
              "Owner": "Salvatore Caiazza",
              "Project": "ecs_wordpress",
              "Terraform": "true"
            },
            "timeouts": null,
            "vpc_id": "vpc-01d6927f79295573c"
          },
          "sensitive_attributes": [],
          "private": "eyJlMmJmYjczMC1lY2FhLTExZTYtOGY4OC0zNDM2M2JjN2M0YzAiOnsiY3JlYXRlIjo2MDAwMDAwMDAwMDAsImRlbGV0ZSI6OTAwMDAwMDAwMDAwfSwic2NoZW1hX3ZlcnNpb24iOiIxIn0=",
          "dependencies": [
            "module.vpc.aws_vpc.this"
          ],
          "create_before_destroy": true
        }
      ]
    },
    {
      "module": "module.alb_sg",
      "mode": "managed",
      "type": "aws_security_group_rule",
      "name": "egress_rules",
      "provider": "provider[\"registry.terraform.io/hashicorp/aws\"]",
      "instances": [
        {
          "index_key": 0,
          "schema_version": 2,
          "attributes": {
            "cidr_blocks": [
              "0.0.0.0/0"
            ],
            "description": "All protocols",
            "from_port": 0,
            "id": "sgrule-1727231830",
            "ipv6_cidr_blocks": [
              "::/0"
            ],
            "prefix_list_ids": [],
            "protocol": "-1",
            "security_group_id": "sg-00d8921835e3eaced",
            "security_group_rule_id": "",
            "self": false,
            "source_security_group_id": null,
            "timeouts": null,
            "to_port": 0,
            "type": "egress"
          },
          "sensitive_attributes": [],
          "private": "eyJlMmJmYjczMC1lY2FhLTExZTYtOGY4OC0zNDM2M2JjN2M0YzAiOnsiY3JlYXRlIjozMDAwMDAwMDAwMDB9LCJzY2hlbWFfdmVyc2lvbiI6IjIifQ==",
          "dependencies": [
            "module.alb_sg.aws_security_group.this",
            "module.alb_sg.aws_security_group.this_name_prefix",
            "module.vpc.aws_vpc.this"
          ]
        }
      ]
    },
    {
      "module": "module.alb_sg",
      "mode": "managed",
      "type": "aws_security_group_rule",
      "name": "ingress_rules",
      "provider": "provider[\"registry.terraform.io/hashicorp/aws\"]",
      "instances": [
        {
          "index_key": 0,
          "schema_version": 2,
          "attributes": {
            "cidr_blocks": [
              "0.0.0.0/0"
            ],
            "description": "HTTP",
            "from_port": 80,
            "id": "sgrule-1355190684",
            "ipv6_cidr_blocks": [],
            "prefix_list_ids": [],
            "protocol": "tcp",
            "security_group_id": "sg-00d8921835e3eaced",
            "security_group_rule_id": "sgr-0a9a939c858687c54",
            "self": false,
            "source_security_group_id": null,
            "timeouts": null,
            "to_port": 80,
            "type": "ingress"
          },
          "sensitive_attributes": [],
          "private": "eyJlMmJmYjczMC1lY2FhLTExZTYtOGY4OC0zNDM2M2JjN2M0YzAiOnsiY3JlYXRlIjozMDAwMDAwMDAwMDB9LCJzY2hlbWFfdmVyc2lvbiI6IjIifQ==",
          "dependencies": [
            "module.alb_sg.aws_security_group.this",
            "module.alb_sg.aws_security_group.this_name_prefix",
            "module.vpc.aws_vpc.this"
          ]
        },
        {
          "index_key": 1,
          "schema_version": 2,
          "attributes": {
            "cidr_blocks": [
              "0.0.0.0/0"
            ],
            "description": "HTTPS",
            "from_port": 443,
            "id": "sgrule-4242494704",
            "ipv6_cidr_blocks": [],
            "prefix_list_ids": [],
            "protocol": "tcp",
            "security_group_id": "sg-00d8921835e3eaced",
            "security_group_rule_id": "sgr-099f9c07d6147e67a",
            "self": false,
            "source_security_group_id": null,
            "timeouts": null,
            "to_port": 443,
            "type": "ingress"
          },
          "sensitive_attributes": [],
          "private": "eyJlMmJmYjczMC1lY2FhLTExZTYtOGY4OC0zNDM2M2JjN2M0YzAiOnsiY3JlYXRlIjozMDAwMDAwMDAwMDB9LCJzY2hlbWFfdmVyc2lvbiI6IjIifQ==",
          "dependencies": [
            "module.alb_sg.aws_security_group.this",
            "module.alb_sg.aws_security_group.this_name_prefix",
            "module.vpc.aws_vpc.this"
          ]
        }
      ]
    },
    {
      "module": "module.db",
      "mode": "managed",
      "type": "random_password",
      "name": "master_password",
      "provider": "provider[\"registry.terraform.io/hashicorp/random\"]",
      "instances": [
        {
          "index_key": 0,
          "schema_version": 3,
          "attributes": {
            "bcrypt_hash": "$2a$10$OjOVANtC8V.UP6VOOw2xtujEuBZ3JiXgKMz0hA3nKLNnaDps8fq5m",
            "id": "none",
            "keepers": null,
            "length": 16,
            "lower": true,
            "min_lower": 0,
            "min_numeric": 0,
            "min_special": 0,
            "min_upper": 0,
            "number": true,
            "numeric": true,
            "override_special": null,
            "result": "ppZRKI1whl9IPIhz",
            "special": false,
            "upper": true
          },
          "sensitive_attributes": []
        }
      ]
    },
    {
      "module": "module.db.module.db_instance",
      "mode": "data",
      "type": "aws_iam_policy_document",
      "name": "enhanced_monitoring",
      "provider": "provider[\"registry.terraform.io/hashicorp/aws\"]",
      "instances": [
        {
          "schema_version": 0,
          "attributes": {
            "id": "76086537",
            "json": "{\n  \"Version\": \"2012-10-17\",\n  \"Statement\": [\n    {\n      \"Effect\": \"Allow\",\n      \"Action\": \"sts:AssumeRole\",\n      \"Principal\": {\n        \"Service\": \"monitoring.rds.amazonaws.com\"\n      }\n    }\n  ]\n}",
            "override_policy_documents": null,
            "policy_id": null,
            "source_policy_documents": null,
            "statement": [
              {
                "actions": [
                  "sts:AssumeRole"
                ],
                "condition": [],
                "effect": "Allow",
                "not_actions": [],
                "not_principals": [],
                "not_resources": [],
                "principals": [
                  {
                    "identifiers": [
                      "monitoring.rds.amazonaws.com"
                    ],
                    "type": "Service"
                  }
                ],
                "resources": [],
                "sid": ""
              }
            ],
            "version": "2012-10-17"
          },
          "sensitive_attributes": []
        }
      ]
    },
    {
      "module": "module.db.module.db_instance",
      "mode": "data",
      "type": "aws_partition",
      "name": "current",
      "provider": "provider[\"registry.terraform.io/hashicorp/aws\"]",
      "instances": [
        {
          "schema_version": 0,
          "attributes": {
            "dns_suffix": "amazonaws.com",
            "id": "aws",
            "partition": "aws",
            "reverse_dns_prefix": "com.amazonaws"
          },
          "sensitive_attributes": []
        }
      ]
    },
    {
      "module": "module.db.module.db_instance",
      "mode": "managed",
      "type": "aws_db_instance",
      "name": "this",
      "provider": "provider[\"registry.terraform.io/hashicorp/aws\"]",
      "instances": [
        {
          "index_key": 0,
          "schema_version": 2,
          "attributes": {
            "address": "rds-wordpress.cxiws7i1qoq3.eu-west-1.rds.amazonaws.com",
            "allocated_storage": 10,
            "allow_major_version_upgrade": false,
            "apply_immediately": false,
            "arn": "arn:aws:rds:eu-west-1:622247126532:db:rds-wordpress",
            "auto_minor_version_upgrade": true,
            "availability_zone": "eu-west-1a",
            "backup_retention_period": 0,
            "backup_window": "04:24-04:54",
            "blue_green_update": [],
            "ca_cert_identifier": "rds-ca-2019",
            "character_set_name": "",
            "copy_tags_to_snapshot": false,
            "custom_iam_instance_profile": "",
            "customer_owned_ip_enabled": false,
            "db_name": "wordpressdb",
            "db_subnet_group_name": "wp-vpc",
            "delete_automated_backups": true,
            "deletion_protection": false,
            "domain": "",
            "domain_iam_role_name": "",
            "enabled_cloudwatch_logs_exports": [],
            "endpoint": "rds-wordpress.cxiws7i1qoq3.eu-west-1.rds.amazonaws.com:3306",
            "engine": "mysql",
            "engine_version": "8.0",
            "engine_version_actual": "8.0.32",
            "final_snapshot_identifier": null,
            "hosted_zone_id": "Z29XKXDKYMONMX",
            "iam_database_authentication_enabled": false,
            "id": "db-IQXPYNPHFOUTOVJIDB56YTHQWA",
            "identifier": "rds-wordpress",
            "identifier_prefix": "",
            "instance_class": "db.t4g.small",
            "iops": 0,
            "kms_key_id": "arn:aws:kms:eu-west-1:622247126532:key/c5809cc0-7e1e-40a5-b338-f60925fbf04d",
            "latest_restorable_time": "",
            "license_model": "general-public-license",
            "listener_endpoint": [],
            "maintenance_window": "sun:23:10-sun:23:40",
            "manage_master_user_password": null,
            "master_user_secret": [],
            "master_user_secret_kms_key_id": null,
            "max_allocated_storage": 0,
            "monitoring_interval": 0,
            "monitoring_role_arn": "",
            "multi_az": false,
            "nchar_character_set_name": "",
            "network_type": "IPV4",
            "option_group_name": "rds-wordpress-20230602133418283500000002",
            "parameter_group_name": "rds-wordpress-20230602133418272400000001",
            "password": "ppZRKI1whl9IPIhz",
            "performance_insights_enabled": false,
            "performance_insights_kms_key_id": "",
            "performance_insights_retention_period": 0,
            "port": 3306,
            "publicly_accessible": false,
            "replica_mode": "",
            "replicas": [],
            "replicate_source_db": "",
            "resource_id": "db-IQXPYNPHFOUTOVJIDB56YTHQWA",
            "restore_to_point_in_time": [],
            "s3_import": [],
            "skip_final_snapshot": true,
            "snapshot_identifier": null,
            "status": "available",
            "storage_encrypted": true,
            "storage_throughput": 0,
            "storage_type": "gp2",
            "tags": {},
            "tags_all": {
              "Environment": "Test",
              "Owner": "Salvatore Caiazza",
              "Project": "ecs_wordpress",
              "Terraform": "true"
            },
            "timeouts": {
              "create": null,
              "delete": null,
              "update": null
            },
            "timezone": "",
            "username": "wordpressdb",
            "vpc_security_group_ids": [
              "sg-0b1419a7933706ad3"
            ]
          },
          "sensitive_attributes": [
            [
              {
                "type": "get_attr",
                "value": "password"
              }
            ]
          ],
          "private": "eyJlMmJmYjczMC1lY2FhLTExZTYtOGY4OC0zNDM2M2JjN2M0YzAiOnsiY3JlYXRlIjoyNDAwMDAwMDAwMDAwLCJkZWxldGUiOjM2MDAwMDAwMDAwMDAsInVwZGF0ZSI6NDgwMDAwMDAwMDAwMH0sInNjaGVtYV92ZXJzaW9uIjoiMiJ9",
          "dependencies": [
            "aws_security_group.rds",
            "module.db.module.db_instance.aws_cloudwatch_log_group.this",
            "module.db.module.db_instance.aws_iam_role.enhanced_monitoring",
            "module.db.module.db_instance.data.aws_iam_policy_document.enhanced_monitoring",
            "module.db.module.db_instance.random_id.snapshot_identifier",
            "module.db.module.db_option_group.aws_db_option_group.this",
            "module.db.module.db_parameter_group.aws_db_parameter_group.this",
            "module.db.module.db_subnet_group.aws_db_subnet_group.this",
            "module.db.random_password.master_password",
            "module.vpc.aws_db_subnet_group.database",
            "module.vpc.aws_subnet.database",
            "module.vpc.aws_vpc.this",
            "module.vpc.aws_vpc_ipv4_cidr_block_association.this"
          ]
        }
      ]
    },
    {
      "module": "module.db.module.db_option_group",
      "mode": "managed",
      "type": "aws_db_option_group",
      "name": "this",
      "provider": "provider[\"registry.terraform.io/hashicorp/aws\"]",
      "instances": [
        {
          "index_key": 0,
          "schema_version": 0,
          "attributes": {
            "arn": "arn:aws:rds:eu-west-1:622247126532:og:rds-wordpress-20230602133418283500000002",
            "engine_name": "mysql",
            "id": "rds-wordpress-20230602133418283500000002",
            "major_engine_version": "8.0",
            "name": "rds-wordpress-20230602133418283500000002",
            "name_prefix": "rds-wordpress-",
            "option": [],
            "option_group_description": "rds-wordpress option group",
            "tags": {
              "Name": "rds-wordpress"
            },
            "tags_all": {
              "Environment": "Test",
              "Name": "rds-wordpress",
              "Owner": "Salvatore Caiazza",
              "Project": "ecs_wordpress",
              "Terraform": "true"
            },
            "timeouts": {
              "delete": null
            }
          },
          "sensitive_attributes": [],
          "private": "eyJlMmJmYjczMC1lY2FhLTExZTYtOGY4OC0zNDM2M2JjN2M0YzAiOnsiZGVsZXRlIjo5MDAwMDAwMDAwMDB9fQ==",
          "create_before_destroy": true
        }
      ]
    },
    {
      "module": "module.db.module.db_parameter_group",
      "mode": "managed",
      "type": "aws_db_parameter_group",
      "name": "this",
      "provider": "provider[\"registry.terraform.io/hashicorp/aws\"]",
      "instances": [
        {
          "index_key": 0,
          "schema_version": 0,
          "attributes": {
            "arn": "arn:aws:rds:eu-west-1:622247126532:pg:rds-wordpress-20230602133418272400000001",
            "description": "rds-wordpress parameter group",
            "family": "mysql8.0",
            "id": "rds-wordpress-20230602133418272400000001",
            "name": "rds-wordpress-20230602133418272400000001",
            "name_prefix": "rds-wordpress-",
            "parameter": [],
            "tags": {
              "Name": "rds-wordpress"
            },
            "tags_all": {
              "Environment": "Test",
              "Name": "rds-wordpress",
              "Owner": "Salvatore Caiazza",
              "Project": "ecs_wordpress",
              "Terraform": "true"
            }
          },
          "sensitive_attributes": [],
          "private": "bnVsbA==",
          "create_before_destroy": true
        }
      ]
    },
    {
      "module": "module.ecs_task_execution_policy",
      "mode": "managed",
      "type": "aws_iam_policy",
      "name": "policy",
      "provider": "provider[\"registry.terraform.io/hashicorp/aws\"]",
      "instances": [
        {
          "schema_version": 0,
          "attributes": {
            "arn": "arn:aws:iam::622247126532:policy/wp-ecs-task-execution",
            "description": "Amazon ECS Task Execution Role Policy",
            "id": "arn:aws:iam::622247126532:policy/wp-ecs-task-execution",
            "name": "wp-ecs-task-execution",
            "name_prefix": "",
            "path": "/",
            "policy": "{\"Statement\":[{\"Action\":[\"ssm:GetParameters\",\"secretsmanager:GetSecretValue\",\"logs:PutLogEvents\",\"logs:CreateLogStream\",\"kms:Decrypt\",\"ecr:GetDownloadUrlForLayer\",\"ecr:GetAuthorizationToken\",\"ecr:BatchGetImage\",\"ecr:BatchCheckLayerAvailability\"],\"Effect\":\"Allow\",\"Resource\":\"*\",\"Sid\":\"AmazonECSTaskExecutionRolePolicy\"}],\"Version\":\"2012-10-17\"}",
            "policy_id": "ANPAZBYGRUYCFTBXWCDGW",
            "tags": {},
            "tags_all": {
              "Environment": "Test",
              "Owner": "Salvatore Caiazza",
              "Project": "ecs_wordpress",
              "Terraform": "true"
            }
          },
          "sensitive_attributes": [],
          "private": "bnVsbA==",
          "dependencies": [
            "data.aws_iam_policy_document.ecs_task_execution_policy"
          ]
        }
      ]
    },
    {
      "module": "module.ecs_task_execution_role",
      "mode": "data",
      "type": "aws_iam_policy_document",
      "name": "assume_role",
      "provider": "provider[\"registry.terraform.io/hashicorp/aws\"]",
      "instances": [
        {
          "schema_version": 0,
          "attributes": {
            "id": "1230284313",
            "json": "{\n  \"Version\": \"2012-10-17\",\n  \"Statement\": [\n    {\n      \"Effect\": \"Allow\",\n      \"Action\": \"sts:AssumeRole\",\n      \"Principal\": {\n        \"AWS\": [],\n        \"Service\": \"ecs-tasks.amazonaws.com\"\n      }\n    }\n  ]\n}",
            "override_policy_documents": null,
            "policy_id": null,
            "source_policy_documents": null,
            "statement": [
              {
                "actions": [
                  "sts:AssumeRole"
                ],
                "condition": [],
                "effect": "Allow",
                "not_actions": [],
                "not_principals": [],
                "not_resources": [],
                "principals": [
                  {
                    "identifiers": [
                      "ecs-tasks.amazonaws.com"
                    ],
                    "type": "Service"
                  },
                  {
                    "identifiers": [],
                    "type": "AWS"
                  }
                ],
                "resources": [],
                "sid": ""
              }
            ],
            "version": "2012-10-17"
          },
          "sensitive_attributes": []
        }
      ]
    },
    {
      "module": "module.ecs_task_execution_role",
      "mode": "data",
      "type": "aws_iam_policy_document",
      "name": "assume_role_with_mfa",
      "provider": "provider[\"registry.terraform.io/hashicorp/aws\"]",
      "instances": [
        {
          "schema_version": 0,
          "attributes": {
            "id": "4095609694",
            "json": "{\n  \"Version\": \"2012-10-17\",\n  \"Statement\": [\n    {\n      \"Effect\": \"Allow\",\n      \"Action\": \"sts:AssumeRole\",\n      \"Principal\": {\n        \"AWS\": [],\n        \"Service\": \"ecs-tasks.amazonaws.com\"\n      },\n      \"Condition\": {\n        \"Bool\": {\n          \"aws:MultiFactorAuthPresent\": \"true\"\n        },\n        \"NumericLessThan\": {\n          \"aws:MultiFactorAuthAge\": \"86400\"\n        }\n      }\n    }\n  ]\n}",
            "override_policy_documents": null,
            "policy_id": null,
            "source_policy_documents": null,
            "statement": [
              {
                "actions": [
                  "sts:AssumeRole"
                ],
                "condition": [
                  {
                    "test": "Bool",
                    "values": [
                      "true"
                    ],
                    "variable": "aws:MultiFactorAuthPresent"
                  },
                  {
                    "test": "NumericLessThan",
                    "values": [
                      "86400"
                    ],
                    "variable": "aws:MultiFactorAuthAge"
                  }
                ],
                "effect": "Allow",
                "not_actions": [],
                "not_principals": [],
                "not_resources": [],
                "principals": [
                  {
                    "identifiers": [
                      "ecs-tasks.amazonaws.com"
                    ],
                    "type": "Service"
                  },
                  {
                    "identifiers": [],
                    "type": "AWS"
                  }
                ],
                "resources": [],
                "sid": ""
              }
            ],
            "version": "2012-10-17"
          },
          "sensitive_attributes": []
        }
      ]
    },
    {
      "module": "module.ecs_task_execution_role",
      "mode": "managed",
      "type": "aws_iam_role",
      "name": "this",
      "provider": "provider[\"registry.terraform.io/hashicorp/aws\"]",
      "instances": [
        {
          "index_key": 0,
          "schema_version": 0,
          "attributes": {
            "arn": "arn:aws:iam::622247126532:role/wp-ecs-task-execution-role",
            "assume_role_policy": "{\"Statement\":[{\"Action\":\"sts:AssumeRole\",\"Effect\":\"Allow\",\"Principal\":{\"AWS\":[],\"Service\":\"ecs-tasks.amazonaws.com\"}}],\"Version\":\"2012-10-17\"}",
            "create_date": "2023-06-02T13:34:18Z",
            "description": "",
            "force_detach_policies": false,
            "id": "wp-ecs-task-execution-role",
            "inline_policy": [],
            "managed_policy_arns": [
              "arn:aws:iam::622247126532:policy/wp-ecs-task-execution"
            ],
            "max_session_duration": 3600,
            "name": "wp-ecs-task-execution-role",
            "name_prefix": "",
            "path": "/",
            "permissions_boundary": "",
            "tags": {},
            "tags_all": {
              "Environment": "Test",
              "Owner": "Salvatore Caiazza",
              "Project": "ecs_wordpress",
              "Terraform": "true"
            },
            "unique_id": "AROAZBYGRUYCC7OTBSXZK"
          },
          "sensitive_attributes": [],
          "private": "bnVsbA==",
          "dependencies": [
            "module.ecs_task_execution_role.data.aws_iam_policy_document.assume_role",
            "module.ecs_task_execution_role.data.aws_iam_policy_document.assume_role_with_mfa"
          ]
        }
      ]
    },
    {
      "module": "module.ecs_task_execution_role",
      "mode": "managed",
      "type": "aws_iam_role_policy_attachment",
      "name": "custom",
      "provider": "provider[\"registry.terraform.io/hashicorp/aws\"]",
      "instances": [
        {
          "index_key": 0,
          "schema_version": 0,
          "attributes": {
            "id": "wp-ecs-task-execution-role-20230602133419498500000003",
            "policy_arn": "arn:aws:iam::622247126532:policy/wp-ecs-task-execution",
            "role": "wp-ecs-task-execution-role"
          },
          "sensitive_attributes": [],
          "private": "bnVsbA==",
          "dependencies": [
            "data.aws_iam_policy_document.ecs_task_execution_policy",
            "module.ecs_task_execution_policy.aws_iam_policy.policy",
            "module.ecs_task_execution_role.aws_iam_role.this",
            "module.ecs_task_execution_role.data.aws_iam_policy_document.assume_role",
            "module.ecs_task_execution_role.data.aws_iam_policy_document.assume_role_with_mfa"
          ]
        }
      ]
    },
    {
      "module": "module.ecs_task_policy",
      "mode": "managed",
      "type": "aws_iam_policy",
      "name": "policy",
      "provider": "provider[\"registry.terraform.io/hashicorp/aws\"]",
      "instances": [
        {
          "schema_version": 0,
          "attributes": {
            "arn": "arn:aws:iam::622247126532:policy/wp-ecs-task",
            "description": "Amazon ECS Task Role Policy",
            "id": "arn:aws:iam::622247126532:policy/wp-ecs-task",
            "name": "wp-ecs-task",
            "name_prefix": "",
            "path": "/",
            "policy": "{\"Statement\":[{\"Action\":[\"elasticfilesystem:ClientWrite\",\"elasticfilesystem:ClientMount\"],\"Effect\":\"Allow\",\"Resource\":\"arn:aws:elasticfilesystem:eu-west-1:622247126532:file-system/fs-00373a6972ec2475c\",\"Sid\":\"AmazonECSTaskExecutionRolePolicy\"}],\"Version\":\"2012-10-17\"}",
            "policy_id": "ANPAZBYGRUYCBOF3VFF2X",
            "tags": {},
            "tags_all": {
              "Environment": "Test",
              "Owner": "Salvatore Caiazza",
              "Project": "ecs_wordpress",
              "Terraform": "true"
            }
          },
          "sensitive_attributes": [],
          "private": "bnVsbA==",
          "dependencies": [
            "aws_efs_file_system.persistent_data",
            "data.aws_iam_policy_document.ecs_task_policy"
          ]
        }
      ]
    },
    {
      "module": "module.ecs_task_role",
      "mode": "data",
      "type": "aws_iam_policy_document",
      "name": "assume_role",
      "provider": "provider[\"registry.terraform.io/hashicorp/aws\"]",
      "instances": [
        {
          "schema_version": 0,
          "attributes": {
            "id": "1230284313",
            "json": "{\n  \"Version\": \"2012-10-17\",\n  \"Statement\": [\n    {\n      \"Effect\": \"Allow\",\n      \"Action\": \"sts:AssumeRole\",\n      \"Principal\": {\n        \"AWS\": [],\n        \"Service\": \"ecs-tasks.amazonaws.com\"\n      }\n    }\n  ]\n}",
            "override_policy_documents": null,
            "policy_id": null,
            "source_policy_documents": null,
            "statement": [
              {
                "actions": [
                  "sts:AssumeRole"
                ],
                "condition": [],
                "effect": "Allow",
                "not_actions": [],
                "not_principals": [],
                "not_resources": [],
                "principals": [
                  {
                    "identifiers": [
                      "ecs-tasks.amazonaws.com"
                    ],
                    "type": "Service"
                  },
                  {
                    "identifiers": [],
                    "type": "AWS"
                  }
                ],
                "resources": [],
                "sid": ""
              }
            ],
            "version": "2012-10-17"
          },
          "sensitive_attributes": []
        }
      ]
    },
    {
      "module": "module.ecs_task_role",
      "mode": "data",
      "type": "aws_iam_policy_document",
      "name": "assume_role_with_mfa",
      "provider": "provider[\"registry.terraform.io/hashicorp/aws\"]",
      "instances": [
        {
          "schema_version": 0,
          "attributes": {
            "id": "4095609694",
            "json": "{\n  \"Version\": \"2012-10-17\",\n  \"Statement\": [\n    {\n      \"Effect\": \"Allow\",\n      \"Action\": \"sts:AssumeRole\",\n      \"Principal\": {\n        \"AWS\": [],\n        \"Service\": \"ecs-tasks.amazonaws.com\"\n      },\n      \"Condition\": {\n        \"Bool\": {\n          \"aws:MultiFactorAuthPresent\": \"true\"\n        },\n        \"NumericLessThan\": {\n          \"aws:MultiFactorAuthAge\": \"86400\"\n        }\n      }\n    }\n  ]\n}",
            "override_policy_documents": null,
            "policy_id": null,
            "source_policy_documents": null,
            "statement": [
              {
                "actions": [
                  "sts:AssumeRole"
                ],
                "condition": [
                  {
                    "test": "Bool",
                    "values": [
                      "true"
                    ],
                    "variable": "aws:MultiFactorAuthPresent"
                  },
                  {
                    "test": "NumericLessThan",
                    "values": [
                      "86400"
                    ],
                    "variable": "aws:MultiFactorAuthAge"
                  }
                ],
                "effect": "Allow",
                "not_actions": [],
                "not_principals": [],
                "not_resources": [],
                "principals": [
                  {
                    "identifiers": [
                      "ecs-tasks.amazonaws.com"
                    ],
                    "type": "Service"
                  },
                  {
                    "identifiers": [],
                    "type": "AWS"
                  }
                ],
                "resources": [],
                "sid": ""
              }
            ],
            "version": "2012-10-17"
          },
          "sensitive_attributes": []
        }
      ]
    },
    {
      "module": "module.ecs_task_role",
      "mode": "managed",
      "type": "aws_iam_role",
      "name": "this",
      "provider": "provider[\"registry.terraform.io/hashicorp/aws\"]",
      "instances": [
        {
          "index_key": 0,
          "schema_version": 0,
          "attributes": {
            "arn": "arn:aws:iam::622247126532:role/wp-ecs-task-role",
            "assume_role_policy": "{\"Statement\":[{\"Action\":\"sts:AssumeRole\",\"Effect\":\"Allow\",\"Principal\":{\"AWS\":[],\"Service\":\"ecs-tasks.amazonaws.com\"}}],\"Version\":\"2012-10-17\"}",
            "create_date": "2023-06-02T13:34:18Z",
            "description": "",
            "force_detach_policies": false,
            "id": "wp-ecs-task-role",
            "inline_policy": [],
            "managed_policy_arns": [
              "arn:aws:iam::622247126532:policy/wp-ecs-task"
            ],
            "max_session_duration": 3600,
            "name": "wp-ecs-task-role",
            "name_prefix": "",
            "path": "/",
            "permissions_boundary": "",
            "tags": {},
            "tags_all": {
              "Environment": "Test",
              "Owner": "Salvatore Caiazza",
              "Project": "ecs_wordpress",
              "Terraform": "true"
            },
            "unique_id": "AROAZBYGRUYCPCEOMMGKT"
          },
          "sensitive_attributes": [],
          "private": "bnVsbA==",
          "dependencies": [
            "module.ecs_task_role.data.aws_iam_policy_document.assume_role",
            "module.ecs_task_role.data.aws_iam_policy_document.assume_role_with_mfa"
          ]
        }
      ]
    },
    {
      "module": "module.ecs_task_role",
      "mode": "managed",
      "type": "aws_iam_role_policy_attachment",
      "name": "custom",
      "provider": "provider[\"registry.terraform.io/hashicorp/aws\"]",
      "instances": [
        {
          "index_key": 0,
          "schema_version": 0,
          "attributes": {
            "id": "wp-ecs-task-role-20230602133424819800000004",
            "policy_arn": "arn:aws:iam::622247126532:policy/wp-ecs-task",
            "role": "wp-ecs-task-role"
          },
          "sensitive_attributes": [],
          "private": "bnVsbA==",
          "dependencies": [
            "aws_efs_file_system.persistent_data",
            "data.aws_iam_policy_document.ecs_task_policy",
            "module.ecs_task_policy.aws_iam_policy.policy",
            "module.ecs_task_role.aws_iam_role.this",
            "module.ecs_task_role.data.aws_iam_policy_document.assume_role",
            "module.ecs_task_role.data.aws_iam_policy_document.assume_role_with_mfa"
          ]
        }
      ]
    },
    {
      "module": "module.ecs_task_sg",
      "mode": "managed",
      "type": "aws_security_group",
      "name": "this",
      "provider": "provider[\"registry.terraform.io/hashicorp/aws\"]",
      "instances": [
        {
          "index_key": 0,
          "schema_version": 1,
          "attributes": {
            "arn": "arn:aws:ec2:eu-west-1:622247126532:security-group/sg-02025d3f82ef285d2",
            "description": "Access to public Application Load Balancer",
            "egress": [
              {
                "cidr_blocks": [
                  "0.0.0.0/0"
                ],
                "description": "All protocols",
                "from_port": 0,
                "ipv6_cidr_blocks": [
                  "::/0"
                ],
                "prefix_list_ids": [],
                "protocol": "-1",
                "security_groups": [],
                "self": false,
                "to_port": 0
              }
            ],
            "id": "sg-02025d3f82ef285d2",
            "ingress": [
              {
                "cidr_blocks": [],
                "description": "Connections and Health Checks from Application Load Balancer",
                "from_port": 80,
                "ipv6_cidr_blocks": [],
                "prefix_list_ids": [],
                "protocol": "tcp",
                "security_groups": [
                  "sg-00d8921835e3eaced"
                ],
                "self": false,
                "to_port": 80
              }
            ],
            "name": "wp-ecs-task-sg",
            "name_prefix": "",
            "owner_id": "622247126532",
            "revoke_rules_on_delete": false,
            "tags": {
              "Name": "wp-ecs-task-sg"
            },
            "tags_all": {
              "Environment": "Test",
              "Name": "wp-ecs-task-sg",
              "Owner": "Salvatore Caiazza",
              "Project": "ecs_wordpress",
              "Terraform": "true"
            },
            "timeouts": null,
            "vpc_id": "vpc-01d6927f79295573c"
          },
          "sensitive_attributes": [],
          "private": "eyJlMmJmYjczMC1lY2FhLTExZTYtOGY4OC0zNDM2M2JjN2M0YzAiOnsiY3JlYXRlIjo2MDAwMDAwMDAwMDAsImRlbGV0ZSI6OTAwMDAwMDAwMDAwfSwic2NoZW1hX3ZlcnNpb24iOiIxIn0=",
          "dependencies": [
            "module.vpc.aws_vpc.this"
          ]
        }
      ]
    },
    {
      "module": "module.ecs_task_sg",
      "mode": "managed",
      "type": "aws_security_group_rule",
      "name": "computed_ingress_with_source_security_group_id",
      "provider": "provider[\"registry.terraform.io/hashicorp/aws\"]",
      "instances": [
        {
          "index_key": 0,
          "schema_version": 2,
          "attributes": {
            "cidr_blocks": null,
            "description": "Connections and Health Checks from Application Load Balancer",
            "from_port": 80,
            "id": "sgrule-4047050969",
            "ipv6_cidr_blocks": null,
            "prefix_list_ids": [],
            "protocol": "tcp",
            "security_group_id": "sg-02025d3f82ef285d2",
            "security_group_rule_id": "sgr-00d35d4415ac2b532",
            "self": false,
            "source_security_group_id": "sg-00d8921835e3eaced",
            "timeouts": null,
            "to_port": 80,
            "type": "ingress"
          },
          "sensitive_attributes": [],
          "private": "eyJlMmJmYjczMC1lY2FhLTExZTYtOGY4OC0zNDM2M2JjN2M0YzAiOnsiY3JlYXRlIjozMDAwMDAwMDAwMDB9LCJzY2hlbWFfdmVyc2lvbiI6IjIifQ==",
          "dependencies": [
            "module.alb_sg.aws_security_group.this",
            "module.alb_sg.aws_security_group.this_name_prefix",
            "module.ecs_task_sg.aws_security_group.this",
            "module.ecs_task_sg.aws_security_group.this_name_prefix",
            "module.vpc.aws_vpc.this"
          ]
        }
      ]
    },
    {
      "module": "module.ecs_task_sg",
      "mode": "managed",
      "type": "aws_security_group_rule",
      "name": "egress_rules",
      "provider": "provider[\"registry.terraform.io/hashicorp/aws\"]",
      "instances": [
        {
          "index_key": 0,
          "schema_version": 2,
          "attributes": {
            "cidr_blocks": [
              "0.0.0.0/0"
            ],
            "description": "All protocols",
            "from_port": 0,
            "id": "sgrule-4091392088",
            "ipv6_cidr_blocks": [
              "::/0"
            ],
            "prefix_list_ids": [],
            "protocol": "-1",
            "security_group_id": "sg-02025d3f82ef285d2",
            "security_group_rule_id": "",
            "self": false,
            "source_security_group_id": null,
            "timeouts": null,
            "to_port": 0,
            "type": "egress"
          },
          "sensitive_attributes": [],
          "private": "eyJlMmJmYjczMC1lY2FhLTExZTYtOGY4OC0zNDM2M2JjN2M0YzAiOnsiY3JlYXRlIjozMDAwMDAwMDAwMDB9LCJzY2hlbWFfdmVyc2lvbiI6IjIifQ==",
          "dependencies": [
            "module.ecs_task_sg.aws_security_group.this",
            "module.ecs_task_sg.aws_security_group.this_name_prefix",
            "module.vpc.aws_vpc.this"
          ]
        }
      ]
    },
    {
      "module": "module.efs_sg",
      "mode": "managed",
      "type": "aws_security_group",
      "name": "this",
      "provider": "provider[\"registry.terraform.io/hashicorp/aws\"]",
      "instances": [
        {
          "index_key": 0,
          "schema_version": 1,
          "attributes": {
            "arn": "arn:aws:ec2:eu-west-1:622247126532:security-group/sg-03713e9a22ece7919",
            "description": "Access to EFS for Wordpress persistent data",
            "egress": [
              {
                "cidr_blocks": [
                  "0.0.0.0/0"
                ],
                "description": "All protocols",
                "from_port": 0,
                "ipv6_cidr_blocks": [
                  "::/0"
                ],
                "prefix_list_ids": [],
                "protocol": "-1",
                "security_groups": [],
                "self": false,
                "to_port": 0
              }
            ],
            "id": "sg-03713e9a22ece7919",
            "ingress": [
              {
                "cidr_blocks": [],
                "description": "All resources attached to this security group",
                "from_port": 2049,
                "ipv6_cidr_blocks": [],
                "prefix_list_ids": [],
                "protocol": "tcp",
                "security_groups": [],
                "self": true,
                "to_port": 2049
              }
            ],
            "name": "wp-efs-sg",
            "name_prefix": "",
            "owner_id": "622247126532",
            "revoke_rules_on_delete": false,
            "tags": {
              "Name": "wp-efs-sg"
            },
            "tags_all": {
              "Environment": "Test",
              "Name": "wp-efs-sg",
              "Owner": "Salvatore Caiazza",
              "Project": "ecs_wordpress",
              "Terraform": "true"
            },
            "timeouts": null,
            "vpc_id": "vpc-01d6927f79295573c"
          },
          "sensitive_attributes": [],
          "private": "eyJlMmJmYjczMC1lY2FhLTExZTYtOGY4OC0zNDM2M2JjN2M0YzAiOnsiY3JlYXRlIjo2MDAwMDAwMDAwMDAsImRlbGV0ZSI6OTAwMDAwMDAwMDAwfSwic2NoZW1hX3ZlcnNpb24iOiIxIn0=",
          "dependencies": [
            "module.vpc.aws_vpc.this"
          ]
        }
      ]
    },
    {
      "module": "module.efs_sg",
      "mode": "managed",
      "type": "aws_security_group_rule",
      "name": "egress_rules",
      "provider": "provider[\"registry.terraform.io/hashicorp/aws\"]",
      "instances": [
        {
          "index_key": 0,
          "schema_version": 2,
          "attributes": {
            "cidr_blocks": [
              "0.0.0.0/0"
            ],
            "description": "All protocols",
            "from_port": 0,
            "id": "sgrule-2514408940",
            "ipv6_cidr_blocks": [
              "::/0"
            ],
            "prefix_list_ids": [],
            "protocol": "-1",
            "security_group_id": "sg-03713e9a22ece7919",
            "security_group_rule_id": "",
            "self": false,
            "source_security_group_id": null,
            "timeouts": null,
            "to_port": 0,
            "type": "egress"
          },
          "sensitive_attributes": [],
          "private": "eyJlMmJmYjczMC1lY2FhLTExZTYtOGY4OC0zNDM2M2JjN2M0YzAiOnsiY3JlYXRlIjozMDAwMDAwMDAwMDB9LCJzY2hlbWFfdmVyc2lvbiI6IjIifQ==",
          "dependencies": [
            "module.efs_sg.aws_security_group.this",
            "module.efs_sg.aws_security_group.this_name_prefix",
            "module.vpc.aws_vpc.this"
          ]
        }
      ]
    },
    {
      "module": "module.efs_sg",
      "mode": "managed",
      "type": "aws_security_group_rule",
      "name": "ingress_with_self",
      "provider": "provider[\"registry.terraform.io/hashicorp/aws\"]",
      "instances": [
        {
          "index_key": 0,
          "schema_version": 2,
          "attributes": {
            "cidr_blocks": null,
            "description": "All resources attached to this security group",
            "from_port": 2049,
            "id": "sgrule-2414068204",
            "ipv6_cidr_blocks": null,
            "prefix_list_ids": [],
            "protocol": "tcp",
            "security_group_id": "sg-03713e9a22ece7919",
            "security_group_rule_id": "sgr-01cf0a4f6be6b3a6d",
            "self": true,
            "source_security_group_id": null,
            "timeouts": null,
            "to_port": 2049,
            "type": "ingress"
          },
          "sensitive_attributes": [],
          "private": "eyJlMmJmYjczMC1lY2FhLTExZTYtOGY4OC0zNDM2M2JjN2M0YzAiOnsiY3JlYXRlIjozMDAwMDAwMDAwMDB9LCJzY2hlbWFfdmVyc2lvbiI6IjIifQ==",
          "dependencies": [
            "module.efs_sg.aws_security_group.this",
            "module.efs_sg.aws_security_group.this_name_prefix",
            "module.vpc.aws_vpc.this"
          ]
        }
      ]
    },
    {
      "module": "module.vpc",
      "mode": "managed",
      "type": "aws_db_subnet_group",
      "name": "database",
      "provider": "provider[\"registry.terraform.io/hashicorp/aws\"]",
      "instances": [
        {
          "index_key": 0,
          "schema_version": 0,
          "attributes": {
            "arn": "arn:aws:rds:eu-west-1:622247126532:subgrp:wp-vpc",
            "description": "Database subnet group for wp-vpc",
            "id": "wp-vpc",
            "name": "wp-vpc",
            "name_prefix": "",
            "subnet_ids": [
              "subnet-078e49eaf821807f0",
              "subnet-0e58cfcc6ea03e949"
            ],
            "supported_network_types": [
              "IPV4"
            ],
            "tags": {
              "Name": "wp-vpc"
            },
            "tags_all": {
              "Environment": "Test",
              "Name": "wp-vpc",
              "Owner": "Salvatore Caiazza",
              "Project": "ecs_wordpress",
              "Terraform": "true"
            },
            "vpc_id": "vpc-01d6927f79295573c"
          },
          "sensitive_attributes": [],
          "private": "bnVsbA==",
          "dependencies": [
            "module.vpc.aws_subnet.database",
            "module.vpc.aws_vpc.this",
            "module.vpc.aws_vpc_ipv4_cidr_block_association.this"
          ]
        }
      ]
    },
    {
      "module": "module.vpc",
      "mode": "managed",
      "type": "aws_default_network_acl",
      "name": "this",
      "provider": "provider[\"registry.terraform.io/hashicorp/aws\"]",
      "instances": [
        {
          "index_key": 0,
          "schema_version": 0,
          "attributes": {
            "arn": "arn:aws:ec2:eu-west-1:622247126532:network-acl/acl-0d9527781aacdf533",
            "default_network_acl_id": "acl-0d9527781aacdf533",
            "egress": [
              {
                "action": "allow",
                "cidr_block": "",
                "from_port": 0,
                "icmp_code": 0,
                "icmp_type": 0,
                "ipv6_cidr_block": "::/0",
                "protocol": "-1",
                "rule_no": 101,
                "to_port": 0
              },
              {
                "action": "allow",
                "cidr_block": "0.0.0.0/0",
                "from_port": 0,
                "icmp_code": 0,
                "icmp_type": 0,
                "ipv6_cidr_block": "",
                "protocol": "-1",
                "rule_no": 100,
                "to_port": 0
              }
            ],
            "id": "acl-0d9527781aacdf533",
            "ingress": [
              {
                "action": "allow",
                "cidr_block": "",
                "from_port": 0,
                "icmp_code": 0,
                "icmp_type": 0,
                "ipv6_cidr_block": "::/0",
                "protocol": "-1",
                "rule_no": 101,
                "to_port": 0
              },
              {
                "action": "allow",
                "cidr_block": "0.0.0.0/0",
                "from_port": 0,
                "icmp_code": 0,
                "icmp_type": 0,
                "ipv6_cidr_block": "",
                "protocol": "-1",
                "rule_no": 100,
                "to_port": 0
              }
            ],
            "owner_id": "622247126532",
            "subnet_ids": [
              "subnet-01ea24a68fe9711b3",
              "subnet-05740b6a716e84f02",
              "subnet-0691964f40ce986f1",
              "subnet-078e49eaf821807f0",
              "subnet-0a4dd08590c4eb3a2",
              "subnet-0e58cfcc6ea03e949"
            ],
            "tags": {
              "Name": "wp-vpc-default"
            },
            "tags_all": {
              "Environment": "Test",
              "Name": "wp-vpc-default",
              "Owner": "Salvatore Caiazza",
              "Project": "ecs_wordpress",
              "Terraform": "true"
            },
            "vpc_id": "vpc-01d6927f79295573c"
          },
          "sensitive_attributes": [],
          "private": "bnVsbA==",
          "dependencies": [
            "module.vpc.aws_vpc.this"
          ]
        }
      ]
    },
    {
      "module": "module.vpc",
      "mode": "managed",
      "type": "aws_default_route_table",
      "name": "default",
      "provider": "provider[\"registry.terraform.io/hashicorp/aws\"]",
      "instances": [
        {
          "index_key": 0,
          "schema_version": 0,
          "attributes": {
            "arn": "arn:aws:ec2:eu-west-1:622247126532:route-table/rtb-02039a1d265abfe70",
            "default_route_table_id": "rtb-02039a1d265abfe70",
            "id": "rtb-02039a1d265abfe70",
            "owner_id": "622247126532",
            "propagating_vgws": [],
            "route": [],
            "tags": {
              "Name": "wp-vpc-default"
            },
            "tags_all": {
              "Environment": "Test",
              "Name": "wp-vpc-default",
              "Owner": "Salvatore Caiazza",
              "Project": "ecs_wordpress",
              "Terraform": "true"
            },
            "timeouts": {
              "create": "5m",
              "update": "5m"
            },
            "vpc_id": "vpc-01d6927f79295573c"
          },
          "sensitive_attributes": [],
          "private": "eyJlMmJmYjczMC1lY2FhLTExZTYtOGY4OC0zNDM2M2JjN2M0YzAiOnsiY3JlYXRlIjozMDAwMDAwMDAwMDAsInVwZGF0ZSI6MzAwMDAwMDAwMDAwfX0=",
          "dependencies": [
            "module.vpc.aws_vpc.this"
          ]
        }
      ]
    },
    {
      "module": "module.vpc",
      "mode": "managed",
      "type": "aws_default_security_group",
      "name": "this",
      "provider": "provider[\"registry.terraform.io/hashicorp/aws\"]",
      "instances": [
        {
          "index_key": 0,
          "schema_version": 1,
          "attributes": {
            "arn": "arn:aws:ec2:eu-west-1:622247126532:security-group/sg-09a7e551a10303190",
            "description": "default VPC security group",
            "egress": [],
            "id": "sg-09a7e551a10303190",
            "ingress": [],
            "name": "default",
            "name_prefix": "",
            "owner_id": "622247126532",
            "revoke_rules_on_delete": false,
            "tags": {
              "Name": "wp-vpc-default"
            },
            "tags_all": {
              "Environment": "Test",
              "Name": "wp-vpc-default",
              "Owner": "Salvatore Caiazza",
              "Project": "ecs_wordpress",
              "Terraform": "true"
            },
            "vpc_id": "vpc-01d6927f79295573c"
          },
          "sensitive_attributes": [],
          "private": "eyJzY2hlbWFfdmVyc2lvbiI6IjEifQ==",
          "dependencies": [
            "module.vpc.aws_vpc.this"
          ]
        }
      ]
    },
    {
      "module": "module.vpc",
      "mode": "managed",
      "type": "aws_eip",
      "name": "nat",
      "provider": "provider[\"registry.terraform.io/hashicorp/aws\"]",
      "instances": [
        {
          "index_key": 0,
          "schema_version": 0,
          "attributes": {
            "address": null,
            "allocation_id": "eipalloc-02f9813ccd5bba271",
            "associate_with_private_ip": null,
            "association_id": "eipassoc-04e5562f8016a4cb0",
            "carrier_ip": "",
            "customer_owned_ip": "",
            "customer_owned_ipv4_pool": "",
            "domain": "vpc",
            "id": "eipalloc-02f9813ccd5bba271",
            "instance": "",
            "network_border_group": "eu-west-1",
            "network_interface": "eni-0aab7918b6e540703",
            "private_dns": "ip-10-0-101-199.eu-west-1.compute.internal",
            "private_ip": "10.0.101.199",
            "public_dns": "ec2-46-137-69-252.eu-west-1.compute.amazonaws.com",
            "public_ip": "46.137.69.252",
            "public_ipv4_pool": "amazon",
            "tags": {
              "Name": "wp-vpc-eu-west-1a"
            },
            "tags_all": {
              "Environment": "Test",
              "Name": "wp-vpc-eu-west-1a",
              "Owner": "Salvatore Caiazza",
              "Project": "ecs_wordpress",
              "Terraform": "true"
            },
            "timeouts": null,
            "vpc": true
          },
          "sensitive_attributes": [],
          "private": "eyJlMmJmYjczMC1lY2FhLTExZTYtOGY4OC0zNDM2M2JjN2M0YzAiOnsiZGVsZXRlIjoxODAwMDAwMDAwMDAsInJlYWQiOjkwMDAwMDAwMDAwMCwidXBkYXRlIjozMDAwMDAwMDAwMDB9fQ==",
          "dependencies": [
            "module.vpc.aws_internet_gateway.this",
            "module.vpc.aws_vpc.this",
            "module.vpc.aws_vpc_ipv4_cidr_block_association.this"
          ]
        }
      ]
    },
    {
      "module": "module.vpc",
      "mode": "managed",
      "type": "aws_internet_gateway",
      "name": "this",
      "provider": "provider[\"registry.terraform.io/hashicorp/aws\"]",
      "instances": [
        {
          "index_key": 0,
          "schema_version": 0,
          "attributes": {
            "arn": "arn:aws:ec2:eu-west-1:622247126532:internet-gateway/igw-0357cf150e523ee94",
            "id": "igw-0357cf150e523ee94",
            "owner_id": "622247126532",
            "tags": {
              "Name": "wp-vpc"
            },
            "tags_all": {
              "Environment": "Test",
              "Name": "wp-vpc",
              "Owner": "Salvatore Caiazza",
              "Project": "ecs_wordpress",
              "Terraform": "true"
            },
            "timeouts": null,
            "vpc_id": "vpc-01d6927f79295573c"
          },
          "sensitive_attributes": [],
          "private": "eyJlMmJmYjczMC1lY2FhLTExZTYtOGY4OC0zNDM2M2JjN2M0YzAiOnsiY3JlYXRlIjoxMjAwMDAwMDAwMDAwLCJkZWxldGUiOjEyMDAwMDAwMDAwMDAsInVwZGF0ZSI6MTIwMDAwMDAwMDAwMH19",
          "dependencies": [
            "module.vpc.aws_vpc.this",
            "module.vpc.aws_vpc_ipv4_cidr_block_association.this"
          ]
        }
      ]
    },
    {
      "module": "module.vpc",
      "mode": "managed",
      "type": "aws_nat_gateway",
      "name": "this",
      "provider": "provider[\"registry.terraform.io/hashicorp/aws\"]",
      "instances": [
        {
          "index_key": 0,
          "schema_version": 0,
          "attributes": {
            "allocation_id": "eipalloc-02f9813ccd5bba271",
            "association_id": "eipassoc-04e5562f8016a4cb0",
            "connectivity_type": "public",
            "id": "nat-0af58be917e57b083",
            "network_interface_id": "eni-0aab7918b6e540703",
            "private_ip": "10.0.101.199",
            "public_ip": "46.137.69.252",
            "subnet_id": "subnet-0a4dd08590c4eb3a2",
            "tags": {
              "Name": "wp-vpc-eu-west-1a"
            },
            "tags_all": {
              "Environment": "Test",
              "Name": "wp-vpc-eu-west-1a",
              "Owner": "Salvatore Caiazza",
              "Project": "ecs_wordpress",
              "Terraform": "true"
            }
          },
          "sensitive_attributes": [],
          "private": "bnVsbA==",
          "dependencies": [
            "module.vpc.aws_eip.nat",
            "module.vpc.aws_internet_gateway.this",
            "module.vpc.aws_subnet.public",
            "module.vpc.aws_vpc.this",
            "module.vpc.aws_vpc_ipv4_cidr_block_association.this"
          ]
        }
      ]
    },
    {
      "module": "module.vpc",
      "mode": "managed",
      "type": "aws_route",
      "name": "private_nat_gateway",
      "provider": "provider[\"registry.terraform.io/hashicorp/aws\"]",
      "instances": [
        {
          "index_key": 0,
          "schema_version": 0,
          "attributes": {
            "carrier_gateway_id": "",
            "core_network_arn": "",
            "destination_cidr_block": "0.0.0.0/0",
            "destination_ipv6_cidr_block": "",
            "destination_prefix_list_id": "",
            "egress_only_gateway_id": "",
            "gateway_id": "",
            "id": "r-rtb-0a00bbadf3cbc183e1080289494",
            "instance_id": "",
            "instance_owner_id": "",
            "local_gateway_id": "",
            "nat_gateway_id": "nat-0af58be917e57b083",
            "network_interface_id": "",
            "origin": "CreateRoute",
            "route_table_id": "rtb-0a00bbadf3cbc183e",
            "state": "active",
            "timeouts": {
              "create": "5m",
              "delete": null,
              "update": null
            },
            "transit_gateway_id": "",
            "vpc_endpoint_id": "",
            "vpc_peering_connection_id": ""
          },
          "sensitive_attributes": [],
          "private": "eyJlMmJmYjczMC1lY2FhLTExZTYtOGY4OC0zNDM2M2JjN2M0YzAiOnsiY3JlYXRlIjozMDAwMDAwMDAwMDAsImRlbGV0ZSI6MzAwMDAwMDAwMDAwLCJ1cGRhdGUiOjEyMDAwMDAwMDAwMH19",
          "dependencies": [
            "module.vpc.aws_eip.nat",
            "module.vpc.aws_internet_gateway.this",
            "module.vpc.aws_nat_gateway.this",
            "module.vpc.aws_route_table.private",
            "module.vpc.aws_subnet.public",
            "module.vpc.aws_vpc.this",
            "module.vpc.aws_vpc_ipv4_cidr_block_association.this"
          ]
        }
      ]
    },
    {
      "module": "module.vpc",
      "mode": "managed",
      "type": "aws_route",
      "name": "public_internet_gateway",
      "provider": "provider[\"registry.terraform.io/hashicorp/aws\"]",
      "instances": [
        {
          "index_key": 0,
          "schema_version": 0,
          "attributes": {
            "carrier_gateway_id": "",
            "core_network_arn": "",
            "destination_cidr_block": "0.0.0.0/0",
            "destination_ipv6_cidr_block": "",
            "destination_prefix_list_id": "",
            "egress_only_gateway_id": "",
            "gateway_id": "igw-0357cf150e523ee94",
            "id": "r-rtb-0fc7f119c50a0053c1080289494",
            "instance_id": "",
            "instance_owner_id": "",
            "local_gateway_id": "",
            "nat_gateway_id": "",
            "network_interface_id": "",
            "origin": "CreateRoute",
            "route_table_id": "rtb-0fc7f119c50a0053c",
            "state": "active",
            "timeouts": {
              "create": "5m",
              "delete": null,
              "update": null
            },
            "transit_gateway_id": "",
            "vpc_endpoint_id": "",
            "vpc_peering_connection_id": ""
          },
          "sensitive_attributes": [],
          "private": "eyJlMmJmYjczMC1lY2FhLTExZTYtOGY4OC0zNDM2M2JjN2M0YzAiOnsiY3JlYXRlIjozMDAwMDAwMDAwMDAsImRlbGV0ZSI6MzAwMDAwMDAwMDAwLCJ1cGRhdGUiOjEyMDAwMDAwMDAwMH19",
          "dependencies": [
            "module.vpc.aws_internet_gateway.this",
            "module.vpc.aws_route_table.public",
            "module.vpc.aws_vpc.this",
            "module.vpc.aws_vpc_ipv4_cidr_block_association.this"
          ]
        }
      ]
    },
    {
      "module": "module.vpc",
      "mode": "managed",
      "type": "aws_route_table",
      "name": "private",
      "provider": "provider[\"registry.terraform.io/hashicorp/aws\"]",
      "instances": [
        {
          "index_key": 0,
          "schema_version": 0,
          "attributes": {
            "arn": "arn:aws:ec2:eu-west-1:622247126532:route-table/rtb-0a00bbadf3cbc183e",
            "id": "rtb-0a00bbadf3cbc183e",
            "owner_id": "622247126532",
            "propagating_vgws": [],
            "route": [
              {
                "carrier_gateway_id": "",
                "cidr_block": "0.0.0.0/0",
                "core_network_arn": "",
                "destination_prefix_list_id": "",
                "egress_only_gateway_id": "",
                "gateway_id": "",
                "ipv6_cidr_block": "",
                "local_gateway_id": "",
                "nat_gateway_id": "nat-0af58be917e57b083",
                "network_interface_id": "",
                "transit_gateway_id": "",
                "vpc_endpoint_id": "",
                "vpc_peering_connection_id": ""
              }
            ],
            "tags": {
              "Name": "wp-vpc-private"
            },
            "tags_all": {
              "Environment": "Test",
              "Name": "wp-vpc-private",
              "Owner": "Salvatore Caiazza",
              "Project": "ecs_wordpress",
              "Terraform": "true"
            },
            "timeouts": null,
            "vpc_id": "vpc-01d6927f79295573c"
          },
          "sensitive_attributes": [],
          "private": "eyJlMmJmYjczMC1lY2FhLTExZTYtOGY4OC0zNDM2M2JjN2M0YzAiOnsiY3JlYXRlIjozMDAwMDAwMDAwMDAsImRlbGV0ZSI6MzAwMDAwMDAwMDAwLCJ1cGRhdGUiOjEyMDAwMDAwMDAwMH19",
          "dependencies": [
            "module.vpc.aws_vpc.this",
            "module.vpc.aws_vpc_ipv4_cidr_block_association.this"
          ]
        }
      ]
    },
    {
      "module": "module.vpc",
      "mode": "managed",
      "type": "aws_route_table",
      "name": "public",
      "provider": "provider[\"registry.terraform.io/hashicorp/aws\"]",
      "instances": [
        {
          "index_key": 0,
          "schema_version": 0,
          "attributes": {
            "arn": "arn:aws:ec2:eu-west-1:622247126532:route-table/rtb-0fc7f119c50a0053c",
            "id": "rtb-0fc7f119c50a0053c",
            "owner_id": "622247126532",
            "propagating_vgws": [],
            "route": [
              {
                "carrier_gateway_id": "",
                "cidr_block": "0.0.0.0/0",
                "core_network_arn": "",
                "destination_prefix_list_id": "",
                "egress_only_gateway_id": "",
                "gateway_id": "igw-0357cf150e523ee94",
                "ipv6_cidr_block": "",
                "local_gateway_id": "",
                "nat_gateway_id": "",
                "network_interface_id": "",
                "transit_gateway_id": "",
                "vpc_endpoint_id": "",
                "vpc_peering_connection_id": ""
              }
            ],
            "tags": {
              "Name": "wp-vpc-public"
            },
            "tags_all": {
              "Environment": "Test",
              "Name": "wp-vpc-public",
              "Owner": "Salvatore Caiazza",
              "Project": "ecs_wordpress",
              "Terraform": "true"
            },
            "timeouts": null,
            "vpc_id": "vpc-01d6927f79295573c"
          },
          "sensitive_attributes": [],
          "private": "eyJlMmJmYjczMC1lY2FhLTExZTYtOGY4OC0zNDM2M2JjN2M0YzAiOnsiY3JlYXRlIjozMDAwMDAwMDAwMDAsImRlbGV0ZSI6MzAwMDAwMDAwMDAwLCJ1cGRhdGUiOjEyMDAwMDAwMDAwMH19",
          "dependencies": [
            "module.vpc.aws_vpc.this",
            "module.vpc.aws_vpc_ipv4_cidr_block_association.this"
          ]
        }
      ]
    },
    {
      "module": "module.vpc",
      "mode": "managed",
      "type": "aws_route_table_association",
      "name": "database",
      "provider": "provider[\"registry.terraform.io/hashicorp/aws\"]",
      "instances": [
        {
          "index_key": 0,
          "schema_version": 0,
          "attributes": {
            "gateway_id": "",
            "id": "rtbassoc-0aac9d797c63154f7",
            "route_table_id": "rtb-0a00bbadf3cbc183e",
            "subnet_id": "subnet-0e58cfcc6ea03e949",
            "timeouts": null
          },
          "sensitive_attributes": [],
          "private": "eyJlMmJmYjczMC1lY2FhLTExZTYtOGY4OC0zNDM2M2JjN2M0YzAiOnsiY3JlYXRlIjozMDAwMDAwMDAwMDAsImRlbGV0ZSI6MzAwMDAwMDAwMDAwLCJ1cGRhdGUiOjEyMDAwMDAwMDAwMH19",
          "dependencies": [
            "module.vpc.aws_route_table.database",
            "module.vpc.aws_route_table.private",
            "module.vpc.aws_subnet.database",
            "module.vpc.aws_vpc.this",
            "module.vpc.aws_vpc_ipv4_cidr_block_association.this"
          ]
        },
        {
          "index_key": 1,
          "schema_version": 0,
          "attributes": {
            "gateway_id": "",
            "id": "rtbassoc-05e86164d7e4f5368",
            "route_table_id": "rtb-0a00bbadf3cbc183e",
            "subnet_id": "subnet-078e49eaf821807f0",
            "timeouts": null
          },
          "sensitive_attributes": [],
          "private": "eyJlMmJmYjczMC1lY2FhLTExZTYtOGY4OC0zNDM2M2JjN2M0YzAiOnsiY3JlYXRlIjozMDAwMDAwMDAwMDAsImRlbGV0ZSI6MzAwMDAwMDAwMDAwLCJ1cGRhdGUiOjEyMDAwMDAwMDAwMH19",
          "dependencies": [
            "module.vpc.aws_route_table.database",
            "module.vpc.aws_route_table.private",
            "module.vpc.aws_subnet.database",
            "module.vpc.aws_vpc.this",
            "module.vpc.aws_vpc_ipv4_cidr_block_association.this"
          ]
        }
      ]
    },
    {
      "module": "module.vpc",
      "mode": "managed",
      "type": "aws_route_table_association",
      "name": "private",
      "provider": "provider[\"registry.terraform.io/hashicorp/aws\"]",
      "instances": [
        {
          "index_key": 0,
          "schema_version": 0,
          "attributes": {
            "gateway_id": "",
            "id": "rtbassoc-081d18aef9515c046",
            "route_table_id": "rtb-0a00bbadf3cbc183e",
            "subnet_id": "subnet-05740b6a716e84f02",
            "timeouts": null
          },
          "sensitive_attributes": [],
          "private": "eyJlMmJmYjczMC1lY2FhLTExZTYtOGY4OC0zNDM2M2JjN2M0YzAiOnsiY3JlYXRlIjozMDAwMDAwMDAwMDAsImRlbGV0ZSI6MzAwMDAwMDAwMDAwLCJ1cGRhdGUiOjEyMDAwMDAwMDAwMH19",
          "dependencies": [
            "module.vpc.aws_route_table.private",
            "module.vpc.aws_subnet.private",
            "module.vpc.aws_vpc.this",
            "module.vpc.aws_vpc_ipv4_cidr_block_association.this"
          ]
        },
        {
          "index_key": 1,
          "schema_version": 0,
          "attributes": {
            "gateway_id": "",
            "id": "rtbassoc-03f7d9ee629a1577e",
            "route_table_id": "rtb-0a00bbadf3cbc183e",
            "subnet_id": "subnet-0691964f40ce986f1",
            "timeouts": null
          },
          "sensitive_attributes": [],
          "private": "eyJlMmJmYjczMC1lY2FhLTExZTYtOGY4OC0zNDM2M2JjN2M0YzAiOnsiY3JlYXRlIjozMDAwMDAwMDAwMDAsImRlbGV0ZSI6MzAwMDAwMDAwMDAwLCJ1cGRhdGUiOjEyMDAwMDAwMDAwMH19",
          "dependencies": [
            "module.vpc.aws_route_table.private",
            "module.vpc.aws_subnet.private",
            "module.vpc.aws_vpc.this",
            "module.vpc.aws_vpc_ipv4_cidr_block_association.this"
          ]
        }
      ]
    },
    {
      "module": "module.vpc",
      "mode": "managed",
      "type": "aws_route_table_association",
      "name": "public",
      "provider": "provider[\"registry.terraform.io/hashicorp/aws\"]",
      "instances": [
        {
          "index_key": 0,
          "schema_version": 0,
          "attributes": {
            "gateway_id": "",
            "id": "rtbassoc-0f882da64486c1f42",
            "route_table_id": "rtb-0fc7f119c50a0053c",
            "subnet_id": "subnet-0a4dd08590c4eb3a2",
            "timeouts": null
          },
          "sensitive_attributes": [],
          "private": "eyJlMmJmYjczMC1lY2FhLTExZTYtOGY4OC0zNDM2M2JjN2M0YzAiOnsiY3JlYXRlIjozMDAwMDAwMDAwMDAsImRlbGV0ZSI6MzAwMDAwMDAwMDAwLCJ1cGRhdGUiOjEyMDAwMDAwMDAwMH19",
          "dependencies": [
            "module.vpc.aws_route_table.public",
            "module.vpc.aws_subnet.public",
            "module.vpc.aws_vpc.this",
            "module.vpc.aws_vpc_ipv4_cidr_block_association.this"
          ]
        },
        {
          "index_key": 1,
          "schema_version": 0,
          "attributes": {
            "gateway_id": "",
            "id": "rtbassoc-04456abb0ef87bb95",
            "route_table_id": "rtb-0fc7f119c50a0053c",
            "subnet_id": "subnet-01ea24a68fe9711b3",
            "timeouts": null
          },
          "sensitive_attributes": [],
          "private": "eyJlMmJmYjczMC1lY2FhLTExZTYtOGY4OC0zNDM2M2JjN2M0YzAiOnsiY3JlYXRlIjozMDAwMDAwMDAwMDAsImRlbGV0ZSI6MzAwMDAwMDAwMDAwLCJ1cGRhdGUiOjEyMDAwMDAwMDAwMH19",
          "dependencies": [
            "module.vpc.aws_route_table.public",
            "module.vpc.aws_subnet.public",
            "module.vpc.aws_vpc.this",
            "module.vpc.aws_vpc_ipv4_cidr_block_association.this"
          ]
        }
      ]
    },
    {
      "module": "module.vpc",
      "mode": "managed",
      "type": "aws_subnet",
      "name": "database",
      "provider": "provider[\"registry.terraform.io/hashicorp/aws\"]",
      "instances": [
        {
          "index_key": 0,
          "schema_version": 1,
          "attributes": {
            "arn": "arn:aws:ec2:eu-west-1:622247126532:subnet/subnet-0e58cfcc6ea03e949",
            "assign_ipv6_address_on_creation": false,
            "availability_zone": "eu-west-1a",
            "availability_zone_id": "euw1-az2",
            "cidr_block": "10.0.103.0/24",
            "customer_owned_ipv4_pool": "",
            "enable_dns64": false,
            "enable_lni_at_device_index": 0,
            "enable_resource_name_dns_a_record_on_launch": false,
            "enable_resource_name_dns_aaaa_record_on_launch": false,
            "id": "subnet-0e58cfcc6ea03e949",
            "ipv6_cidr_block": "",
            "ipv6_cidr_block_association_id": "",
            "ipv6_native": false,
            "map_customer_owned_ip_on_launch": false,
            "map_public_ip_on_launch": false,
            "outpost_arn": "",
            "owner_id": "622247126532",
            "private_dns_hostname_type_on_launch": "ip-name",
            "tags": {
              "Name": "wp-vpc-db-eu-west-1a"
            },
            "tags_all": {
              "Environment": "Test",
              "Name": "wp-vpc-db-eu-west-1a",
              "Owner": "Salvatore Caiazza",
              "Project": "ecs_wordpress",
              "Terraform": "true"
            },
            "timeouts": null,
            "vpc_id": "vpc-01d6927f79295573c"
          },
          "sensitive_attributes": [],
          "private": "eyJlMmJmYjczMC1lY2FhLTExZTYtOGY4OC0zNDM2M2JjN2M0YzAiOnsiY3JlYXRlIjo2MDAwMDAwMDAwMDAsImRlbGV0ZSI6MTIwMDAwMDAwMDAwMH0sInNjaGVtYV92ZXJzaW9uIjoiMSJ9",
          "dependencies": [
            "module.vpc.aws_vpc.this",
            "module.vpc.aws_vpc_ipv4_cidr_block_association.this"
          ]
        },
        {
          "index_key": 1,
          "schema_version": 1,
          "attributes": {
            "arn": "arn:aws:ec2:eu-west-1:622247126532:subnet/subnet-078e49eaf821807f0",
            "assign_ipv6_address_on_creation": false,
            "availability_zone": "eu-west-1b",
            "availability_zone_id": "euw1-az3",
            "cidr_block": "10.0.104.0/24",
            "customer_owned_ipv4_pool": "",
            "enable_dns64": false,
            "enable_lni_at_device_index": 0,
            "enable_resource_name_dns_a_record_on_launch": false,
            "enable_resource_name_dns_aaaa_record_on_launch": false,
            "id": "subnet-078e49eaf821807f0",
            "ipv6_cidr_block": "",
            "ipv6_cidr_block_association_id": "",
            "ipv6_native": false,
            "map_customer_owned_ip_on_launch": false,
            "map_public_ip_on_launch": false,
            "outpost_arn": "",
            "owner_id": "622247126532",
            "private_dns_hostname_type_on_launch": "ip-name",
            "tags": {
              "Name": "wp-vpc-db-eu-west-1b"
            },
            "tags_all": {
              "Environment": "Test",
              "Name": "wp-vpc-db-eu-west-1b",
              "Owner": "Salvatore Caiazza",
              "Project": "ecs_wordpress",
              "Terraform": "true"
            },
            "timeouts": null,
            "vpc_id": "vpc-01d6927f79295573c"
          },
          "sensitive_attributes": [],
          "private": "eyJlMmJmYjczMC1lY2FhLTExZTYtOGY4OC0zNDM2M2JjN2M0YzAiOnsiY3JlYXRlIjo2MDAwMDAwMDAwMDAsImRlbGV0ZSI6MTIwMDAwMDAwMDAwMH0sInNjaGVtYV92ZXJzaW9uIjoiMSJ9",
          "dependencies": [
            "module.vpc.aws_vpc.this",
            "module.vpc.aws_vpc_ipv4_cidr_block_association.this"
          ]
        }
      ]
    },
    {
      "module": "module.vpc",
      "mode": "managed",
      "type": "aws_subnet",
      "name": "private",
      "provider": "provider[\"registry.terraform.io/hashicorp/aws\"]",
      "instances": [
        {
          "index_key": 0,
          "schema_version": 1,
          "attributes": {
            "arn": "arn:aws:ec2:eu-west-1:622247126532:subnet/subnet-05740b6a716e84f02",
            "assign_ipv6_address_on_creation": false,
            "availability_zone": "eu-west-1a",
            "availability_zone_id": "euw1-az2",
            "cidr_block": "10.0.1.0/24",
            "customer_owned_ipv4_pool": "",
            "enable_dns64": false,
            "enable_lni_at_device_index": 0,
            "enable_resource_name_dns_a_record_on_launch": false,
            "enable_resource_name_dns_aaaa_record_on_launch": false,
            "id": "subnet-05740b6a716e84f02",
            "ipv6_cidr_block": "",
            "ipv6_cidr_block_association_id": "",
            "ipv6_native": false,
            "map_customer_owned_ip_on_launch": false,
            "map_public_ip_on_launch": false,
            "outpost_arn": "",
            "owner_id": "622247126532",
            "private_dns_hostname_type_on_launch": "ip-name",
            "tags": {
              "Name": "wp-vpc-private-eu-west-1a"
            },
            "tags_all": {
              "Environment": "Test",
              "Name": "wp-vpc-private-eu-west-1a",
              "Owner": "Salvatore Caiazza",
              "Project": "ecs_wordpress",
              "Terraform": "true"
            },
            "timeouts": null,
            "vpc_id": "vpc-01d6927f79295573c"
          },
          "sensitive_attributes": [],
          "private": "eyJlMmJmYjczMC1lY2FhLTExZTYtOGY4OC0zNDM2M2JjN2M0YzAiOnsiY3JlYXRlIjo2MDAwMDAwMDAwMDAsImRlbGV0ZSI6MTIwMDAwMDAwMDAwMH0sInNjaGVtYV92ZXJzaW9uIjoiMSJ9",
          "dependencies": [
            "module.vpc.aws_vpc.this",
            "module.vpc.aws_vpc_ipv4_cidr_block_association.this"
          ]
        },
        {
          "index_key": 1,
          "schema_version": 1,
          "attributes": {
            "arn": "arn:aws:ec2:eu-west-1:622247126532:subnet/subnet-0691964f40ce986f1",
            "assign_ipv6_address_on_creation": false,
            "availability_zone": "eu-west-1b",
            "availability_zone_id": "euw1-az3",
            "cidr_block": "10.0.2.0/24",
            "customer_owned_ipv4_pool": "",
            "enable_dns64": false,
            "enable_lni_at_device_index": 0,
            "enable_resource_name_dns_a_record_on_launch": false,
            "enable_resource_name_dns_aaaa_record_on_launch": false,
            "id": "subnet-0691964f40ce986f1",
            "ipv6_cidr_block": "",
            "ipv6_cidr_block_association_id": "",
            "ipv6_native": false,
            "map_customer_owned_ip_on_launch": false,
            "map_public_ip_on_launch": false,
            "outpost_arn": "",
            "owner_id": "622247126532",
            "private_dns_hostname_type_on_launch": "ip-name",
            "tags": {
              "Name": "wp-vpc-private-eu-west-1b"
            },
            "tags_all": {
              "Environment": "Test",
              "Name": "wp-vpc-private-eu-west-1b",
              "Owner": "Salvatore Caiazza",
              "Project": "ecs_wordpress",
              "Terraform": "true"
            },
            "timeouts": null,
            "vpc_id": "vpc-01d6927f79295573c"
          },
          "sensitive_attributes": [],
          "private": "eyJlMmJmYjczMC1lY2FhLTExZTYtOGY4OC0zNDM2M2JjN2M0YzAiOnsiY3JlYXRlIjo2MDAwMDAwMDAwMDAsImRlbGV0ZSI6MTIwMDAwMDAwMDAwMH0sInNjaGVtYV92ZXJzaW9uIjoiMSJ9",
          "dependencies": [
            "module.vpc.aws_vpc.this",
            "module.vpc.aws_vpc_ipv4_cidr_block_association.this"
          ]
        }
      ]
    },
    {
      "module": "module.vpc",
      "mode": "managed",
      "type": "aws_subnet",
      "name": "public",
      "provider": "provider[\"registry.terraform.io/hashicorp/aws\"]",
      "instances": [
        {
          "index_key": 0,
          "schema_version": 1,
          "attributes": {
            "arn": "arn:aws:ec2:eu-west-1:622247126532:subnet/subnet-0a4dd08590c4eb3a2",
            "assign_ipv6_address_on_creation": false,
            "availability_zone": "eu-west-1a",
            "availability_zone_id": "euw1-az2",
            "cidr_block": "10.0.101.0/24",
            "customer_owned_ipv4_pool": "",
            "enable_dns64": false,
            "enable_lni_at_device_index": 0,
            "enable_resource_name_dns_a_record_on_launch": false,
            "enable_resource_name_dns_aaaa_record_on_launch": false,
            "id": "subnet-0a4dd08590c4eb3a2",
            "ipv6_cidr_block": "",
            "ipv6_cidr_block_association_id": "",
            "ipv6_native": false,
            "map_customer_owned_ip_on_launch": false,
            "map_public_ip_on_launch": false,
            "outpost_arn": "",
            "owner_id": "622247126532",
            "private_dns_hostname_type_on_launch": "ip-name",
            "tags": {
              "Name": "wp-vpc-public-eu-west-1a"
            },
            "tags_all": {
              "Environment": "Test",
              "Name": "wp-vpc-public-eu-west-1a",
              "Owner": "Salvatore Caiazza",
              "Project": "ecs_wordpress",
              "Terraform": "true"
            },
            "timeouts": null,
            "vpc_id": "vpc-01d6927f79295573c"
          },
          "sensitive_attributes": [],
          "private": "eyJlMmJmYjczMC1lY2FhLTExZTYtOGY4OC0zNDM2M2JjN2M0YzAiOnsiY3JlYXRlIjo2MDAwMDAwMDAwMDAsImRlbGV0ZSI6MTIwMDAwMDAwMDAwMH0sInNjaGVtYV92ZXJzaW9uIjoiMSJ9",
          "dependencies": [
            "module.vpc.aws_vpc.this",
            "module.vpc.aws_vpc_ipv4_cidr_block_association.this"
          ],
          "create_before_destroy": true
        },
        {
          "index_key": 1,
          "schema_version": 1,
          "attributes": {
            "arn": "arn:aws:ec2:eu-west-1:622247126532:subnet/subnet-01ea24a68fe9711b3",
            "assign_ipv6_address_on_creation": false,
            "availability_zone": "eu-west-1b",
            "availability_zone_id": "euw1-az3",
            "cidr_block": "10.0.102.0/24",
            "customer_owned_ipv4_pool": "",
            "enable_dns64": false,
            "enable_lni_at_device_index": 0,
            "enable_resource_name_dns_a_record_on_launch": false,
            "enable_resource_name_dns_aaaa_record_on_launch": false,
            "id": "subnet-01ea24a68fe9711b3",
            "ipv6_cidr_block": "",
            "ipv6_cidr_block_association_id": "",
            "ipv6_native": false,
            "map_customer_owned_ip_on_launch": false,
            "map_public_ip_on_launch": false,
            "outpost_arn": "",
            "owner_id": "622247126532",
            "private_dns_hostname_type_on_launch": "ip-name",
            "tags": {
              "Name": "wp-vpc-public-eu-west-1b"
            },
            "tags_all": {
              "Environment": "Test",
              "Name": "wp-vpc-public-eu-west-1b",
              "Owner": "Salvatore Caiazza",
              "Project": "ecs_wordpress",
              "Terraform": "true"
            },
            "timeouts": null,
            "vpc_id": "vpc-01d6927f79295573c"
          },
          "sensitive_attributes": [],
          "private": "eyJlMmJmYjczMC1lY2FhLTExZTYtOGY4OC0zNDM2M2JjN2M0YzAiOnsiY3JlYXRlIjo2MDAwMDAwMDAwMDAsImRlbGV0ZSI6MTIwMDAwMDAwMDAwMH0sInNjaGVtYV92ZXJzaW9uIjoiMSJ9",
          "dependencies": [
            "module.vpc.aws_vpc.this",
            "module.vpc.aws_vpc_ipv4_cidr_block_association.this"
          ],
          "create_before_destroy": true
        }
      ]
    },
    {
      "module": "module.vpc",
      "mode": "managed",
      "type": "aws_vpc",
      "name": "this",
      "provider": "provider[\"registry.terraform.io/hashicorp/aws\"]",
      "instances": [
        {
          "index_key": 0,
          "schema_version": 1,
          "attributes": {
            "arn": "arn:aws:ec2:eu-west-1:622247126532:vpc/vpc-01d6927f79295573c",
            "assign_generated_ipv6_cidr_block": false,
            "cidr_block": "10.0.0.0/16",
            "default_network_acl_id": "acl-0d9527781aacdf533",
            "default_route_table_id": "rtb-02039a1d265abfe70",
            "default_security_group_id": "sg-09a7e551a10303190",
            "dhcp_options_id": "dopt-06ed3fcc6126ed8b8",
            "enable_dns_hostnames": true,
            "enable_dns_support": true,
            "enable_network_address_usage_metrics": false,
            "id": "vpc-01d6927f79295573c",
            "instance_tenancy": "default",
            "ipv4_ipam_pool_id": null,
            "ipv4_netmask_length": null,
            "ipv6_association_id": "",
            "ipv6_cidr_block": "",
            "ipv6_cidr_block_network_border_group": "",
            "ipv6_ipam_pool_id": "",
            "ipv6_netmask_length": 0,
            "main_route_table_id": "rtb-02039a1d265abfe70",
            "owner_id": "622247126532",
            "tags": {
              "Name": "wp-vpc"
            },
            "tags_all": {
              "Environment": "Test",
              "Name": "wp-vpc",
              "Owner": "Salvatore Caiazza",
              "Project": "ecs_wordpress",
              "Terraform": "true"
            }
          },
          "sensitive_attributes": [],
          "private": "eyJzY2hlbWFfdmVyc2lvbiI6IjEifQ==",
          "create_before_destroy": true
        }
      ]
    },
    {
      "module": "module.vpc",
      "mode": "managed",
      "type": "aws_vpn_gateway",
      "name": "this",
      "provider": "provider[\"registry.terraform.io/hashicorp/aws\"]",
      "instances": [
        {
          "index_key": 0,
          "schema_version": 0,
          "attributes": {
            "amazon_side_asn": "64512",
            "arn": "arn:aws:ec2:eu-west-1:622247126532:vpn-gateway/vgw-0495153d1a66f8297",
            "availability_zone": null,
            "id": "vgw-0495153d1a66f8297",
            "tags": {
              "Name": "wp-vpc"
            },
            "tags_all": {
              "Environment": "Test",
              "Name": "wp-vpc",
              "Owner": "Salvatore Caiazza",
              "Project": "ecs_wordpress",
              "Terraform": "true"
            },
            "vpc_id": "vpc-01d6927f79295573c"
          },
          "sensitive_attributes": [],
          "private": "bnVsbA==",
          "dependencies": [
            "module.vpc.aws_vpc.this",
            "module.vpc.aws_vpc_ipv4_cidr_block_association.this"
          ]
        }
      ]
    }
  ],
  "check_results": null
}
